{"format_version":"1.0","provider_schemas":{"registry.terraform.io/nutanix/nutanix":{"provider":{"version":0,"block":{"attributes":{"endpoint":{"type":"string","description":"URL for Nutanix Prism (e.g IP or FQDN for cluster VIP\nnote, this is never the data services VIP, and should not be an\nindividual CVM address, as this would cause calls to fail during\ncluster lifecycle management operations, such as AOS upgrades.","description_kind":"plain","optional":true},"foundation_endpoint":{"type":"string","description":"endpoint for foundation VM (eg. Foundation VM IP)","description_kind":"plain","optional":true},"foundation_port":{"type":"string","description":"Port for foundation VM","description_kind":"plain","optional":true},"insecure":{"type":"bool","description":"Explicitly allow the provider to perform \"insecure\" SSL requests. If omitted,default value is `false`","description_kind":"plain","optional":true},"password":{"type":"string","description":"Password for provided user name.","description_kind":"plain","optional":true},"port":{"type":"string","description":"Port for Nutanix Prism.","description_kind":"plain","optional":true},"proxy_url":{"type":"string","description_kind":"plain","optional":true},"session_auth":{"type":"bool","description":"Use session authentification instead of basic auth for each request","description_kind":"plain","optional":true},"username":{"type":"string","description":"User name for Nutanix Prism. Could be\nlocal cluster auth (e.g. 'admin') or directory auth.","description_kind":"plain","optional":true},"wait_timeout":{"type":"number","description":"Set if you know that the creation o update of a resource may take long time (minutes)","description_kind":"plain","optional":true}},"description_kind":"plain"}},"resource_schemas":{"nutanix_access_control_policy":{"version":0,"block":{"attributes":{"api_version":{"type":"string","description_kind":"plain","computed":true},"description":{"type":"string","description_kind":"plain","optional":true,"computed":true},"id":{"type":"string","description_kind":"plain","optional":true,"computed":true},"metadata":{"type":["map","string"],"description_kind":"plain","computed":true},"name":{"type":"string","description_kind":"plain","optional":true,"computed":true},"state":{"type":"string","description_kind":"plain","computed":true}},"block_types":{"categories":{"nesting_mode":"set","block":{"attributes":{"name":{"type":"string","description_kind":"plain","optional":true,"computed":true},"value":{"type":"string","description_kind":"plain","optional":true,"computed":true}},"description_kind":"plain"}},"context_filter_list":{"nesting_mode":"list","block":{"block_types":{"entity_filter_expression_list":{"nesting_mode":"list","block":{"attributes":{"left_hand_side_entity_type":{"type":"string","description_kind":"plain","optional":true,"computed":true},"operator":{"type":"string","description_kind":"plain","required":true}},"block_types":{"right_hand_side":{"nesting_mode":"list","block":{"attributes":{"collection":{"type":"string","description_kind":"plain","optional":true,"computed":true},"uuid_list":{"type":["set","string"],"description_kind":"plain","optional":true,"computed":true}},"block_types":{"categories":{"nesting_mode":"list","block":{"attributes":{"name":{"type":"string","description_kind":"plain","optional":true,"computed":true},"value":{"type":["set","string"],"description_kind":"plain","optional":true,"computed":true}},"description_kind":"plain"},"max_items":1}},"description_kind":"plain"},"min_items":1,"max_items":1}},"description_kind":"plain"},"min_items":1},"scope_filter_expression_list":{"nesting_mode":"list","block":{"attributes":{"left_hand_side":{"type":"string","description_kind":"plain","required":true},"operator":{"type":"string","description_kind":"plain","required":true}},"block_types":{"right_hand_side":{"nesting_mode":"list","block":{"attributes":{"collection":{"type":"string","description_kind":"plain","optional":true,"computed":true},"uuid_list":{"type":["set","string"],"description_kind":"plain","optional":true,"computed":true}},"block_types":{"categories":{"nesting_mode":"list","block":{"attributes":{"name":{"type":"string","description_kind":"plain","optional":true,"computed":true},"value":{"type":["set","string"],"description_kind":"plain","optional":true,"computed":true}},"description_kind":"plain"},"max_items":1}},"description_kind":"plain"},"min_items":1,"max_items":1}},"description_kind":"plain"}}},"description_kind":"plain"}},"owner_reference":{"nesting_mode":"list","block":{"attributes":{"kind":{"type":"string","description_kind":"plain","optional":true},"name":{"type":"string","description_kind":"plain","optional":true},"uuid":{"type":"string","description_kind":"plain","optional":true}},"description_kind":"plain"},"max_items":1},"role_reference":{"nesting_mode":"list","block":{"attributes":{"kind":{"type":"string","description_kind":"plain","required":true},"name":{"type":"string","description_kind":"plain","optional":true,"computed":true},"uuid":{"type":"string","description_kind":"plain","required":true}},"description_kind":"plain"},"min_items":1,"max_items":1},"timeouts":{"nesting_mode":"single","block":{"attributes":{"create":{"type":"string","description_kind":"plain","optional":true},"delete":{"type":"string","description_kind":"plain","optional":true},"update":{"type":"string","description_kind":"plain","optional":true}},"description_kind":"plain"}},"user_group_reference_list":{"nesting_mode":"set","block":{"attributes":{"kind":{"type":"string","description_kind":"plain","computed":true},"name":{"type":"string","description_kind":"plain","optional":true,"computed":true},"uuid":{"type":"string","description_kind":"plain","required":true}},"description_kind":"plain"}},"user_reference_list":{"nesting_mode":"set","block":{"attributes":{"kind":{"type":"string","description_kind":"plain","computed":true},"name":{"type":"string","description_kind":"plain","optional":true,"computed":true},"uuid":{"type":"string","description_kind":"plain","required":true}},"description_kind":"plain"}}},"description_kind":"plain"}},"nutanix_address_group":{"version":0,"block":{"attributes":{"address_group_string":{"type":"string","description_kind":"plain","computed":true},"description":{"type":"string","description_kind":"plain","optional":true},"id":{"type":"string","description_kind":"plain","optional":true,"computed":true},"name":{"type":"string","description_kind":"plain","required":true}},"block_types":{"ip_address_block_list":{"nesting_mode":"list","block":{"attributes":{"ip":{"type":"string","description_kind":"plain","required":true},"prefix_length":{"type":"number","description_kind":"plain","required":true}},"description_kind":"plain"},"min_items":1}},"description_kind":"plain"}},"nutanix_category_key":{"version":0,"block":{"attributes":{"api_version":{"type":"string","description_kind":"plain","computed":true},"description":{"type":"string","description_kind":"plain","optional":true,"computed":true},"id":{"type":"string","description_kind":"plain","optional":true,"computed":true},"name":{"type":"string","description_kind":"plain","required":true},"system_defined":{"type":"bool","description_kind":"plain","computed":true}},"description_kind":"plain"}},"nutanix_category_value":{"version":0,"block":{"attributes":{"api_version":{"type":"string","description_kind":"plain","computed":true},"description":{"type":"string","description_kind":"plain","optional":true,"computed":true},"id":{"type":"string","description_kind":"plain","optional":true,"computed":true},"name":{"type":"string","description_kind":"plain","required":true},"system_defined":{"type":"bool","description_kind":"plain","computed":true},"value":{"type":"string","description_kind":"plain","required":true}},"description_kind":"plain"}},"nutanix_foundation_central_api_keys":{"version":0,"block":{"attributes":{"alias":{"type":"string","description_kind":"plain","required":true},"api_key":{"type":"string","description_kind":"plain","computed":true},"created_timestamp":{"type":"string","description_kind":"plain","computed":true},"current_time":{"type":"string","description_kind":"plain","computed":true},"id":{"type":"string","description_kind":"plain","optional":true,"computed":true},"key_uuid":{"type":"string","description_kind":"plain","computed":true}},"description_kind":"plain"}},"nutanix_foundation_central_image_cluster":{"version":0,"block":{"attributes":{"aos_package_sha256sum":{"type":"string","description_kind":"plain","optional":true,"computed":true},"aos_package_url":{"type":"string","description_kind":"plain","optional":true,"computed":true},"archived":{"type":"bool","description_kind":"plain","computed":true},"cluster_external_ip":{"type":"string","description_kind":"plain","optional":true,"computed":true},"cluster_name":{"type":"string","description_kind":"plain","optional":true,"computed":true},"cluster_size":{"type":"number","description_kind":"plain","optional":true,"computed":true},"created_timestamp":{"type":"string","description_kind":"plain","computed":true},"current_time":{"type":"string","description_kind":"plain","computed":true},"destroyed":{"type":"bool","description_kind":"plain","computed":true},"foundation_init_config":{"type":["list",["object",{"blocks":["list",["object",{"block_id":"string","nodes":["list",["object",{"cvm_ip":"string","cvm_vlan_id":"number","fc_imaged_node_uuid":"string","hardware_attributes_override":["map","string"],"hypervisor":"string","hypervisor_hostname":"string","hypervisor_ip":"string","image_now":"bool","ipmi_ip":"string","ipv6_address":"string","node_position":"string","node_serial":"string"}]]}]],"clusters":["list",["object",{"cluster_external_ip":"string","cluster_init_now":"bool","cluster_init_successful":"bool","cluster_members":["list","string"],"cluster_name":"string","cvm_dns_servers":"string","cvm_ntp_servers":"string","redundancy_factor":"number","timezone":"string"}]],"cvm_gateway":"string","cvm_netmask":"string","dns_servers":"string","hyperv_product_key":"string","hyperv_sku":"string","hypervisor_gateway":"string","hypervisor_iso_url":["map","string"],"hypervisor_isos":["list",["object",{"hypervisor_type":"string","sha256sum":"string","url":"string"}]],"hypervisor_netmask":"string","ipmi_gateway":"string","ipmi_netmask":"string","nos_package_url":["list",["object",{"sha256sum":"string","url":"string"}]]}]],"description_kind":"plain","computed":true},"foundation_init_node_uuid":{"type":"string","description_kind":"plain","computed":true},"id":{"type":"string","description_kind":"plain","optional":true,"computed":true},"image_cluster_uuid":{"type":"string","description_kind":"plain","optional":true,"computed":true},"imaged_cluster_uuid":{"type":"string","description_kind":"plain","computed":true},"imaged_node_uuid_list":{"type":["list","string"],"description_kind":"plain","computed":true},"redundancy_factor":{"type":"number","description_kind":"plain","optional":true,"computed":true},"skip_cluster_creation":{"type":"bool","description_kind":"plain","optional":true},"storage_node_count":{"type":"number","description_kind":"plain","optional":true,"computed":true},"timezone":{"type":"string","description_kind":"plain","optional":true,"computed":true},"workflow_type":{"type":"string","description_kind":"plain","computed":true}},"block_types":{"cluster_status":{"nesting_mode":"list","block":{"attributes":{"aggregate_percent_complete":{"type":"number","description_kind":"plain","computed":true},"cluster_creation_started":{"type":"bool","description_kind":"plain","computed":true},"cluster_progress_details":{"type":["list",["object",{"cluster_name":"string","message_list":["list","string"],"percent_complete":"number","status":"string"}]],"description_kind":"plain","computed":true},"current_foundation_ip":{"type":"string","description_kind":"plain","computed":true},"foundation_session_id":{"type":"string","description_kind":"plain","computed":true},"imaging_stopped":{"type":"bool","description_kind":"plain","computed":true},"intent_picked_up":{"type":"bool","description_kind":"plain","computed":true},"node_progress_details":{"type":["list",["object",{"imaged_node_uuid":"string","imaging_stopped":"bool","intent_picked_up":"bool","message_list":["list","string"],"percent_complete":"number","status":"string"}]],"description_kind":"plain","computed":true}},"description_kind":"plain"},"max_items":1},"common_network_settings":{"nesting_mode":"list","block":{"attributes":{"cvm_dns_servers":{"type":["list","string"],"description_kind":"plain","optional":true,"computed":true},"cvm_ntp_servers":{"type":["list","string"],"description_kind":"plain","optional":true,"computed":true},"hypervisor_dns_servers":{"type":["list","string"],"description_kind":"plain","optional":true,"computed":true},"hypervisor_ntp_servers":{"type":["list","string"],"description_kind":"plain","optional":true,"computed":true}},"description_kind":"plain"},"max_items":1},"hypervisor_iso_details":{"nesting_mode":"list","block":{"attributes":{"hyperv_product_key":{"type":"string","description_kind":"plain","optional":true,"computed":true},"hyperv_sku":{"type":"string","description_kind":"plain","optional":true,"computed":true},"sha256sum":{"type":"string","description_kind":"plain","optional":true,"computed":true},"url":{"type":"string","description_kind":"plain","optional":true}},"description_kind":"plain"},"max_items":1},"node_list":{"nesting_mode":"list","block":{"attributes":{"cvm_gateway":{"type":"string","description_kind":"plain","optional":true,"computed":true},"cvm_ip":{"type":"string","description_kind":"plain","optional":true,"computed":true},"cvm_netmask":{"type":"string","description_kind":"plain","optional":true},"cvm_ram_gb":{"type":"number","description_kind":"plain","optional":true},"cvm_vlan_id":{"type":"number","description_kind":"plain","optional":true,"computed":true},"hardware_attributes_override":{"type":["map","string"],"description_kind":"plain","optional":true,"computed":true},"hypervisor_gateway":{"type":"string","description_kind":"plain","optional":true,"computed":true},"hypervisor_hostname":{"type":"string","description_kind":"plain","optional":true,"computed":true},"hypervisor_ip":{"type":"string","description_kind":"plain","optional":true,"computed":true},"hypervisor_netmask":{"type":"string","description_kind":"plain","optional":true,"computed":true},"hypervisor_type":{"type":"string","description_kind":"plain","optional":true},"image_now":{"type":"bool","description_kind":"plain","optional":true,"computed":true},"imaged_node_uuid":{"type":"string","description_kind":"plain","optional":true,"computed":true},"ipmi_gateway":{"type":"string","description_kind":"plain","optional":true,"computed":true},"ipmi_ip":{"type":"string","description_kind":"plain","optional":true,"computed":true},"ipmi_netmask":{"type":"string","description_kind":"plain","optional":true},"rdma_passthrough":{"type":"bool","description_kind":"plain","optional":true},"use_existing_network_settings":{"type":"bool","description_kind":"plain","optional":true}},"description_kind":"plain"}},"timeouts":{"nesting_mode":"single","block":{"attributes":{"create":{"type":"string","description_kind":"plain","optional":true}},"description_kind":"plain"}}},"description_kind":"plain"}},"nutanix_foundation_image":{"version":0,"block":{"attributes":{"filename":{"type":"string","description_kind":"plain","required":true},"id":{"type":"string","description_kind":"plain","optional":true,"computed":true},"in_whitelist":{"type":"bool","description_kind":"plain","computed":true},"installer_type":{"type":"string","description_kind":"plain","required":true},"md5sum":{"type":"string","description_kind":"plain","computed":true},"name":{"type":"string","description_kind":"plain","computed":true},"source":{"type":"string","description_kind":"plain","required":true}},"description_kind":"plain"}},"nutanix_foundation_image_nodes":{"version":0,"block":{"attributes":{"cluster_urls":{"type":["list",["object",{"cluster_name":"string","cluster_url":"string"}]],"description_kind":"plain","computed":true},"cvm_gateway":{"type":"string","description_kind":"plain","required":true},"cvm_netmask":{"type":"string","description_kind":"plain","required":true},"hyperv_external_vnic":{"type":"string","description_kind":"plain","optional":true},"hyperv_external_vswitch":{"type":"string","description_kind":"plain","optional":true},"hyperv_product_key":{"type":"string","description_kind":"plain","optional":true},"hyperv_sku":{"type":"bool","description_kind":"plain","optional":true},"hypervisor_gateway":{"type":"string","description_kind":"plain","required":true},"hypervisor_nameserver":{"type":"string","description_kind":"plain","optional":true},"hypervisor_netmask":{"type":"string","description_kind":"plain","required":true},"hypervisor_password":{"type":"string","description_kind":"plain","optional":true},"id":{"type":"string","description_kind":"plain","optional":true,"computed":true},"install_script":{"type":"string","description_kind":"plain","optional":true},"ipmi_gateway":{"type":"string","description_kind":"plain","optional":true},"ipmi_netmask":{"type":"string","description_kind":"plain","optional":true},"ipmi_password":{"type":"string","description_kind":"plain","optional":true},"ipmi_user":{"type":"string","description_kind":"plain","optional":true},"layout_egg_uuid":{"type":"string","description_kind":"plain","optional":true},"nos_package":{"type":"string","description_kind":"plain","required":true},"session_id":{"type":"string","description_kind":"plain","computed":true},"skip_hypervisor":{"type":"bool","description_kind":"plain","optional":true},"svm_rescue_args":{"type":["list","string"],"description_kind":"plain","optional":true},"ucsm_ip":{"type":"string","description_kind":"plain","optional":true},"ucsm_password":{"type":"string","description_kind":"plain","optional":true},"ucsm_user":{"type":"string","description_kind":"plain","optional":true},"unc_password":{"type":"string","description_kind":"plain","optional":true},"unc_path":{"type":"string","description_kind":"plain","optional":true},"unc_username":{"type":"string","description_kind":"plain","optional":true},"xen_config_type":{"type":"string","description_kind":"plain","optional":true},"xs_master_ip":{"type":"string","description_kind":"plain","optional":true},"xs_master_label":{"type":"string","description_kind":"plain","optional":true},"xs_master_password":{"type":"string","description_kind":"plain","optional":true},"xs_master_username":{"type":"string","description_kind":"plain","optional":true}},"block_types":{"blocks":{"nesting_mode":"list","block":{"attributes":{"block_id":{"type":"string","description_kind":"plain","optional":true}},"block_types":{"nodes":{"nesting_mode":"list","block":{"attributes":{"bond_lacp_rate":{"type":"string","description_kind":"plain","optional":true},"bond_mode":{"type":"string","description_kind":"plain","optional":true},"bond_uplinks":{"type":["list","string"],"description_kind":"plain","optional":true},"cluster_id":{"type":"string","description_kind":"plain","optional":true},"current_cvm_vlan_tag":{"type":"number","description_kind":"plain","optional":true},"current_network_interface":{"type":"string","description_kind":"plain","optional":true},"cvm_gb_ram":{"type":"number","description_kind":"plain","optional":true},"cvm_ip":{"type":"string","description_kind":"plain","optional":true},"cvm_num_vcpus":{"type":"number","description_kind":"plain","optional":true},"device_hint":{"type":"string","description_kind":"plain","optional":true},"exlude_boot_serial":{"type":"string","description_kind":"plain","optional":true},"hypervisor":{"type":"string","description_kind":"plain","optional":true},"hypervisor_hostname":{"type":"string","description_kind":"plain","required":true},"hypervisor_ip":{"type":"string","description_kind":"plain","required":true},"image_delay":{"type":"number","description_kind":"plain","optional":true},"image_now":{"type":"bool","description_kind":"plain","optional":true},"image_successful":{"type":"bool","description_kind":"plain","optional":true},"ipmi_configure_now":{"type":"bool","description_kind":"plain","optional":true},"ipmi_gateway":{"type":"string","description_kind":"plain","optional":true},"ipmi_ip":{"type":"string","description_kind":"plain","optional":true},"ipmi_mac":{"type":"string","description_kind":"plain","optional":true},"ipmi_netmask":{"type":"string","description_kind":"plain","optional":true},"ipmi_password":{"type":"string","description_kind":"plain","optional":true},"ipmi_user":{"type":"string","description_kind":"plain","optional":true},"ipv6_address":{"type":"string","description_kind":"plain","optional":true},"ipv6_interface":{"type":"string","description_kind":"plain","optional":true},"mitigate_low_boot_space":{"type":"bool","description_kind":"plain","optional":true},"node_position":{"type":"string","description_kind":"plain","required":true},"node_serial":{"type":"string","description_kind":"plain","optional":true},"rdma_mac_addr":{"type":"string","description_kind":"plain","optional":true},"rdma_passthrough":{"type":"bool","description_kind":"plain","optional":true},"ucsm_managed_mode":{"type":"string","description_kind":"plain","optional":true},"ucsm_node_serial":{"type":"string","description_kind":"plain","optional":true}},"block_types":{"ucsm_params":{"nesting_mode":"list","block":{"attributes":{"keep_ucsm_settings":{"type":"bool","description_kind":"plain","optional":true},"mac_pool":{"type":"string","description_kind":"plain","optional":true},"native_vlan":{"type":"bool","description_kind":"plain","optional":true},"vlan_name":{"type":"string","description_kind":"plain","optional":true}},"description_kind":"plain"},"max_items":1},"vswitches":{"nesting_mode":"list","block":{"attributes":{"bond_mode":{"type":"string","description_kind":"plain","optional":true},"lacp":{"type":"string","description_kind":"plain","optional":true},"mtu":{"type":"number","description_kind":"plain","optional":true},"name":{"type":"string","description_kind":"plain","optional":true},"other_config":{"type":["list","string"],"description_kind":"plain","optional":true},"uplinks":{"type":["list","string"],"description_kind":"plain","optional":true}},"description_kind":"plain"}}},"description_kind":"plain"},"min_items":1}},"description_kind":"plain"},"min_items":1},"clusters":{"nesting_mode":"list","block":{"attributes":{"backplane_netmask":{"type":"string","description_kind":"plain","optional":true},"backplane_subnet":{"type":"string","description_kind":"plain","optional":true},"backplane_vlan":{"type":"string","description_kind":"plain","optional":true},"cluster_external_ip":{"type":"string","description_kind":"plain","optional":true},"cluster_init_now":{"type":"bool","description_kind":"plain","optional":true},"cluster_init_successful":{"type":"bool","description_kind":"plain","optional":true},"cluster_members":{"type":["list","string"],"description_kind":"plain","required":true},"cluster_name":{"type":"string","description_kind":"plain","required":true},"cvm_dns_servers":{"type":"string","description_kind":"plain","optional":true},"cvm_ntp_servers":{"type":"string","description_kind":"plain","optional":true},"enable_ns":{"type":"bool","description_kind":"plain","optional":true},"hypervisor_ntp_servers":{"type":"string","description_kind":"plain","optional":true},"redundancy_factor":{"type":"number","description_kind":"plain","required":true},"single_node_cluster":{"type":"bool","description_kind":"plain","optional":true}},"description_kind":"plain"}},"eos_metadata":{"nesting_mode":"list","block":{"attributes":{"account_name":{"type":["list","string"],"description_kind":"plain","optional":true},"config_id":{"type":"string","description_kind":"plain","optional":true},"email":{"type":"string","description_kind":"plain","optional":true}},"description_kind":"plain"},"max_items":1},"fc_settings":{"nesting_mode":"list","block":{"attributes":{"foundation_central":{"type":"bool","description_kind":"plain","required":true}},"block_types":{"fc_metadata":{"nesting_mode":"list","block":{"attributes":{"api_key":{"type":"string","description_kind":"plain","required":true},"fc_ip":{"type":"string","description_kind":"plain","required":true}},"description_kind":"plain"},"min_items":1,"max_items":1}},"description_kind":"plain"},"max_items":1},"hypervisor_iso":{"nesting_mode":"list","block":{"block_types":{"esx":{"nesting_mode":"list","block":{"attributes":{"checksum":{"type":"string","description_kind":"plain","required":true},"filename":{"type":"string","description_kind":"plain","required":true}},"description_kind":"plain"},"max_items":1},"hyperv":{"nesting_mode":"list","block":{"attributes":{"checksum":{"type":"string","description_kind":"plain","required":true},"filename":{"type":"string","description_kind":"plain","required":true}},"description_kind":"plain"},"max_items":1},"kvm":{"nesting_mode":"list","block":{"attributes":{"checksum":{"type":"string","description_kind":"plain","required":true},"filename":{"type":"string","description_kind":"plain","required":true}},"description_kind":"plain"},"max_items":1},"xen":{"nesting_mode":"list","block":{"attributes":{"checksum":{"type":"string","description_kind":"plain","required":true},"filename":{"type":"string","description_kind":"plain","required":true}},"description_kind":"plain"},"max_items":1}},"description_kind":"plain"},"max_items":1},"tests":{"nesting_mode":"list","block":{"attributes":{"run_ncc":{"type":"bool","description_kind":"plain","optional":true},"run_syscheck":{"type":"bool","description_kind":"plain","optional":true}},"description_kind":"plain"},"max_items":1},"timeouts":{"nesting_mode":"single","block":{"attributes":{"create":{"type":"string","description_kind":"plain","optional":true}},"description_kind":"plain"}}},"description_kind":"plain"}},"nutanix_foundation_ipmi_config":{"version":0,"block":{"attributes":{"id":{"type":"string","description_kind":"plain","optional":true,"computed":true},"ipmi_gateway":{"type":"string","description_kind":"plain","required":true},"ipmi_netmask":{"type":"string","description_kind":"plain","required":true},"ipmi_password":{"type":"string","description_kind":"plain","required":true},"ipmi_user":{"type":"string","description_kind":"plain","required":true}},"block_types":{"blocks":{"nesting_mode":"list","block":{"attributes":{"block_id":{"type":"string","description_kind":"plain","optional":true}},"block_types":{"nodes":{"nesting_mode":"list","block":{"attributes":{"ipmi_configure_now":{"type":"bool","description_kind":"plain","required":true},"ipmi_configure_successful":{"type":"bool","description_kind":"plain","computed":true},"ipmi_ip":{"type":"string","description_kind":"plain","required":true},"ipmi_mac":{"type":"string","description_kind":"plain","required":true},"ipmi_message":{"type":"string","description_kind":"plain","computed":true}},"description_kind":"plain"},"min_items":1}},"description_kind":"plain"},"min_items":1}},"description_kind":"plain"}},"nutanix_image":{"version":1,"block":{"attributes":{"api_version":{"type":"string","description_kind":"plain","computed":true},"architecture":{"type":"string","description_kind":"plain","optional":true,"computed":true},"availability_zone_reference":{"type":["map","string"],"description_kind":"plain","optional":true,"computed":true},"checksum":{"type":["map","string"],"description_kind":"plain","optional":true,"computed":true},"cluster_name":{"type":"string","description_kind":"plain","computed":true},"cluster_uuid":{"type":"string","description_kind":"plain","computed":true},"current_cluster_reference_list":{"type":["list",["object",{"kind":"string","name":"string","uuid":"string"}]],"description_kind":"plain","computed":true},"description":{"type":"string","description_kind":"plain","optional":true,"computed":true},"id":{"type":"string","description_kind":"plain","optional":true,"computed":true},"image_type":{"type":"string","description_kind":"plain","optional":true,"computed":true},"metadata":{"type":["map","string"],"description_kind":"plain","computed":true},"name":{"type":"string","description_kind":"plain","required":true},"owner_reference":{"type":["map","string"],"description_kind":"plain","optional":true,"computed":true},"project_reference":{"type":["map","string"],"description_kind":"plain","optional":true},"retrieval_uri_list":{"type":["list","string"],"description_kind":"plain","computed":true},"size_bytes":{"type":"number","description_kind":"plain","computed":true},"source_path":{"type":"string","description_kind":"plain","optional":true,"computed":true},"source_uri":{"type":"string","description_kind":"plain","optional":true,"computed":true},"state":{"type":"string","description_kind":"plain","computed":true},"version":{"type":["map","string"],"description_kind":"plain","optional":true,"computed":true}},"block_types":{"categories":{"nesting_mode":"set","block":{"attributes":{"name":{"type":"string","description_kind":"plain","optional":true,"computed":true},"value":{"type":"string","description_kind":"plain","optional":true,"computed":true}},"description_kind":"plain"}},"cluster_references":{"nesting_mode":"list","block":{"attributes":{"kind":{"type":"string","description_kind":"plain","optional":true,"computed":true},"name":{"type":"string","description_kind":"plain","computed":true},"uuid":{"type":"string","description_kind":"plain","optional":true,"computed":true}},"description_kind":"plain"}},"timeouts":{"nesting_mode":"single","block":{"attributes":{"create":{"type":"string","description_kind":"plain","optional":true},"delete":{"type":"string","description_kind":"plain","optional":true},"update":{"type":"string","description_kind":"plain","optional":true}},"description_kind":"plain"}}},"description_kind":"plain"}},"nutanix_karbon_cluster":{"version":1,"block":{"attributes":{"deployment_type":{"type":"string","description_kind":"plain","computed":true},"id":{"type":"string","description_kind":"plain","optional":true,"computed":true},"kubeapi_server_ipv4_address":{"type":"string","description_kind":"plain","computed":true},"name":{"type":"string","description_kind":"plain","required":true},"status":{"type":"string","description_kind":"plain","computed":true},"version":{"type":"string","description_kind":"plain","required":true},"wait_timeout_minutes":{"type":"number","description_kind":"plain","optional":true}},"block_types":{"active_passive_config":{"nesting_mode":"list","block":{"attributes":{"external_ipv4_address":{"type":"string","description_kind":"plain","required":true}},"description_kind":"plain"},"max_items":1},"cni_config":{"nesting_mode":"list","block":{"attributes":{"node_cidr_mask_size":{"type":"number","description_kind":"plain","optional":true},"pod_ipv4_cidr":{"type":"string","description_kind":"plain","optional":true},"service_ipv4_cidr":{"type":"string","description_kind":"plain","optional":true}},"block_types":{"calico_config":{"nesting_mode":"list","block":{"block_types":{"ip_pool_config":{"nesting_mode":"list","block":{"attributes":{"cidr":{"type":"string","description_kind":"plain","optional":true}},"description_kind":"plain"}}},"description_kind":"plain"},"max_items":1},"flannel_config":{"nesting_mode":"list","block":{"description_kind":"plain"}}},"description_kind":"plain"},"min_items":1,"max_items":1},"etcd_node_pool":{"nesting_mode":"list","block":{"attributes":{"name":{"type":"string","description_kind":"plain","optional":true},"node_os_version":{"type":"string","description_kind":"plain","required":true},"nodes":{"type":["list",["object",{"hostname":"string","ipv4_address":"string"}]],"description_kind":"plain","computed":true},"num_instances":{"type":"number","description_kind":"plain","required":true}},"block_types":{"ahv_config":{"nesting_mode":"list","block":{"attributes":{"cpu":{"type":"number","description_kind":"plain","optional":true},"disk_mib":{"type":"number","description_kind":"plain","optional":true},"memory_mib":{"type":"number","description_kind":"plain","optional":true},"network_uuid":{"type":"string","description_kind":"plain","required":true},"prism_element_cluster_uuid":{"type":"string","description_kind":"plain","required":true}},"description_kind":"plain"},"max_items":1}},"description_kind":"plain"},"min_items":1,"max_items":1},"external_lb_config":{"nesting_mode":"list","block":{"attributes":{"external_ipv4_address":{"type":"string","description_kind":"plain","required":true}},"block_types":{"master_nodes_config":{"nesting_mode":"set","block":{"attributes":{"ipv4_address":{"type":"string","description_kind":"plain","required":true},"node_pool_name":{"type":"string","description_kind":"plain","optional":true}},"description_kind":"plain"},"min_items":2,"max_items":5}},"description_kind":"plain"},"max_items":1},"master_node_pool":{"nesting_mode":"list","block":{"attributes":{"name":{"type":"string","description_kind":"plain","optional":true},"node_os_version":{"type":"string","description_kind":"plain","required":true},"nodes":{"type":["list",["object",{"hostname":"string","ipv4_address":"string"}]],"description_kind":"plain","computed":true},"num_instances":{"type":"number","description_kind":"plain","required":true}},"block_types":{"ahv_config":{"nesting_mode":"list","block":{"attributes":{"cpu":{"type":"number","description_kind":"plain","optional":true},"disk_mib":{"type":"number","description_kind":"plain","optional":true},"memory_mib":{"type":"number","description_kind":"plain","optional":true},"network_uuid":{"type":"string","description_kind":"plain","required":true},"prism_element_cluster_uuid":{"type":"string","description_kind":"plain","required":true}},"description_kind":"plain"},"max_items":1}},"description_kind":"plain"},"min_items":1,"max_items":1},"private_registry":{"nesting_mode":"set","block":{"attributes":{"registry_name":{"type":"string","description_kind":"plain","required":true}},"description_kind":"plain"}},"single_master_config":{"nesting_mode":"list","block":{"description_kind":"plain"},"max_items":1},"storage_class_config":{"nesting_mode":"set","block":{"attributes":{"name":{"type":"string","description_kind":"plain","optional":true},"reclaim_policy":{"type":"string","description_kind":"plain","optional":true}},"block_types":{"volumes_config":{"nesting_mode":"list","block":{"attributes":{"file_system":{"type":"string","description_kind":"plain","optional":true},"flash_mode":{"type":"bool","description_kind":"plain","optional":true},"password":{"type":"string","description_kind":"plain","required":true,"sensitive":true},"prism_element_cluster_uuid":{"type":"string","description_kind":"plain","required":true},"storage_container":{"type":"string","description_kind":"plain","required":true},"username":{"type":"string","description_kind":"plain","required":true}},"description_kind":"plain"},"min_items":1,"max_items":1}},"description_kind":"plain"},"min_items":1,"max_items":1},"worker_node_pool":{"nesting_mode":"list","block":{"attributes":{"name":{"type":"string","description_kind":"plain","optional":true},"node_os_version":{"type":"string","description_kind":"plain","required":true},"nodes":{"type":["list",["object",{"hostname":"string","ipv4_address":"string"}]],"description_kind":"plain","computed":true},"num_instances":{"type":"number","description_kind":"plain","required":true}},"block_types":{"ahv_config":{"nesting_mode":"list","block":{"attributes":{"cpu":{"type":"number","description_kind":"plain","optional":true},"disk_mib":{"type":"number","description_kind":"plain","optional":true},"memory_mib":{"type":"number","description_kind":"plain","optional":true},"network_uuid":{"type":"string","description_kind":"plain","required":true},"prism_element_cluster_uuid":{"type":"string","description_kind":"plain","required":true}},"description_kind":"plain"},"max_items":1}},"description_kind":"plain"},"min_items":1,"max_items":1}},"description_kind":"plain"}},"nutanix_karbon_private_registry":{"version":1,"block":{"attributes":{"cert":{"type":"string","description_kind":"plain","optional":true},"endpoint":{"type":"string","description_kind":"plain","computed":true},"id":{"type":"string","description_kind":"plain","optional":true,"computed":true},"name":{"type":"string","description_kind":"plain","required":true},"password":{"type":"string","description_kind":"plain","optional":true,"sensitive":true},"port":{"type":"number","description_kind":"plain","required":true},"url":{"type":"string","description_kind":"plain","required":true},"username":{"type":"string","description_kind":"plain","optional":true}},"description_kind":"plain"}},"nutanix_network_security_rule":{"version":1,"block":{"attributes":{"ad_rule_action":{"type":"string","description_kind":"plain","optional":true,"computed":true},"ad_rule_target_group_default_internal_policy":{"type":"string","description_kind":"plain","optional":true},"ad_rule_target_group_filter_kind_list":{"type":["list","string"],"description_kind":"plain","optional":true,"computed":true},"ad_rule_target_group_filter_type":{"type":"string","description_kind":"plain","optional":true,"computed":true},"ad_rule_target_group_peer_specification_type":{"type":"string","description_kind":"plain","optional":true},"allow_ipv6_traffic":{"type":"bool","description_kind":"plain","optional":true,"computed":true},"api_version":{"type":"string","description_kind":"plain","computed":true},"app_rule_action":{"type":"string","description_kind":"plain","optional":true,"computed":true},"app_rule_target_group_default_internal_policy":{"type":"string","description_kind":"plain","optional":true},"app_rule_target_group_filter_kind_list":{"type":["list","string"],"description_kind":"plain","optional":true,"computed":true},"app_rule_target_group_filter_type":{"type":"string","description_kind":"plain","optional":true,"computed":true},"app_rule_target_group_peer_specification_type":{"type":"string","description_kind":"plain","optional":true},"description":{"type":"string","description_kind":"plain","optional":true,"computed":true},"id":{"type":"string","description_kind":"plain","optional":true,"computed":true},"is_policy_hitlog_enabled":{"type":"bool","description_kind":"plain","optional":true,"computed":true},"isolation_rule_action":{"type":"string","description_kind":"plain","optional":true,"computed":true},"isolation_rule_first_entity_filter_kind_list":{"type":["list","string"],"description_kind":"plain","optional":true,"computed":true},"isolation_rule_first_entity_filter_type":{"type":"string","description_kind":"plain","optional":true,"computed":true},"isolation_rule_second_entity_filter_kind_list":{"type":["list","string"],"description_kind":"plain","optional":true,"computed":true},"isolation_rule_second_entity_filter_type":{"type":"string","description_kind":"plain","optional":true,"computed":true},"metadata":{"type":["map","string"],"description_kind":"plain","computed":true},"name":{"type":"string","description_kind":"plain","required":true},"owner_reference":{"type":["map","string"],"description_kind":"plain","optional":true,"computed":true},"project_reference":{"type":["map","string"],"description_kind":"plain","optional":true,"computed":true}},"block_types":{"ad_rule_inbound_allow_list":{"nesting_mode":"list","block":{"attributes":{"expiration_time":{"type":"string","description_kind":"plain","optional":true,"computed":true},"filter_kind_list":{"type":["list","string"],"description_kind":"plain","optional":true,"computed":true},"filter_type":{"type":"string","description_kind":"plain","optional":true,"computed":true},"ip_subnet":{"type":"string","description_kind":"plain","optional":true,"computed":true},"ip_subnet_prefix_length":{"type":"string","description_kind":"plain","optional":true,"computed":true},"network_function_chain_reference":{"type":["map","string"],"description_kind":"plain","optional":true,"computed":true},"peer_specification_type":{"type":"string","description_kind":"plain","optional":true,"computed":true},"protocol":{"type":"string","description_kind":"plain","optional":true,"computed":true}},"block_types":{"address_group_inclusion_list":{"nesting_mode":"list","block":{"attributes":{"kind":{"type":"string","description_kind":"plain","optional":true,"computed":true},"name":{"type":"string","description_kind":"plain","computed":true},"uuid":{"type":"string","description_kind":"plain","optional":true,"computed":true}},"description_kind":"plain"}},"filter_params":{"nesting_mode":"set","block":{"attributes":{"name":{"type":"string","description_kind":"plain","required":true},"values":{"type":["list","string"],"description_kind":"plain","required":true}},"description_kind":"plain"}},"icmp_type_code_list":{"nesting_mode":"list","block":{"attributes":{"code":{"type":"string","description_kind":"plain","optional":true,"computed":true},"type":{"type":"string","description_kind":"plain","optional":true,"computed":true}},"description_kind":"plain"}},"service_group_list":{"nesting_mode":"list","block":{"attributes":{"kind":{"type":"string","description_kind":"plain","optional":true,"computed":true},"name":{"type":"string","description_kind":"plain","computed":true},"uuid":{"type":"string","description_kind":"plain","optional":true,"computed":true}},"description_kind":"plain"}},"tcp_port_range_list":{"nesting_mode":"list","block":{"attributes":{"end_port":{"type":"number","description_kind":"plain","optional":true,"computed":true},"start_port":{"type":"number","description_kind":"plain","optional":true,"computed":true}},"description_kind":"plain"}},"udp_port_range_list":{"nesting_mode":"list","block":{"attributes":{"end_port":{"type":"number","description_kind":"plain","optional":true,"computed":true},"start_port":{"type":"number","description_kind":"plain","optional":true,"computed":true}},"description_kind":"plain"}}},"description_kind":"plain"}},"ad_rule_outbound_allow_list":{"nesting_mode":"list","block":{"attributes":{"expiration_time":{"type":"string","description_kind":"plain","optional":true,"computed":true},"filter_kind_list":{"type":["list","string"],"description_kind":"plain","optional":true,"computed":true},"filter_type":{"type":"string","description_kind":"plain","optional":true,"computed":true},"ip_subnet":{"type":"string","description_kind":"plain","optional":true,"computed":true},"ip_subnet_prefix_length":{"type":"string","description_kind":"plain","optional":true,"computed":true},"network_function_chain_reference":{"type":["map","string"],"description_kind":"plain","optional":true,"computed":true},"peer_specification_type":{"type":"string","description_kind":"plain","optional":true,"computed":true},"protocol":{"type":"string","description_kind":"plain","optional":true,"computed":true}},"block_types":{"address_group_inclusion_list":{"nesting_mode":"list","block":{"attributes":{"kind":{"type":"string","description_kind":"plain","optional":true,"computed":true},"name":{"type":"string","description_kind":"plain","computed":true},"uuid":{"type":"string","description_kind":"plain","optional":true,"computed":true}},"description_kind":"plain"}},"filter_params":{"nesting_mode":"set","block":{"attributes":{"name":{"type":"string","description_kind":"plain","required":true},"values":{"type":["list","string"],"description_kind":"plain","required":true}},"description_kind":"plain"}},"icmp_type_code_list":{"nesting_mode":"list","block":{"attributes":{"code":{"type":"string","description_kind":"plain","optional":true,"computed":true},"type":{"type":"string","description_kind":"plain","optional":true,"computed":true}},"description_kind":"plain"}},"service_group_list":{"nesting_mode":"list","block":{"attributes":{"kind":{"type":"string","description_kind":"plain","optional":true,"computed":true},"name":{"type":"string","description_kind":"plain","computed":true},"uuid":{"type":"string","description_kind":"plain","optional":true,"computed":true}},"description_kind":"plain"}},"tcp_port_range_list":{"nesting_mode":"list","block":{"attributes":{"end_port":{"type":"number","description_kind":"plain","optional":true,"computed":true},"start_port":{"type":"number","description_kind":"plain","optional":true,"computed":true}},"description_kind":"plain"}},"udp_port_range_list":{"nesting_mode":"list","block":{"attributes":{"end_port":{"type":"number","description_kind":"plain","optional":true,"computed":true},"start_port":{"type":"number","description_kind":"plain","optional":true,"computed":true}},"description_kind":"plain"}}},"description_kind":"plain"}},"ad_rule_target_group_filter_params":{"nesting_mode":"set","block":{"attributes":{"name":{"type":"string","description_kind":"plain","required":true},"values":{"type":["list","string"],"description_kind":"plain","required":true}},"description_kind":"plain"}},"app_rule_inbound_allow_list":{"nesting_mode":"list","block":{"attributes":{"expiration_time":{"type":"string","description_kind":"plain","optional":true,"computed":true},"filter_kind_list":{"type":["list","string"],"description_kind":"plain","optional":true,"computed":true},"filter_type":{"type":"string","description_kind":"plain","optional":true,"computed":true},"ip_subnet":{"type":"string","description_kind":"plain","optional":true,"computed":true},"ip_subnet_prefix_length":{"type":"string","description_kind":"plain","optional":true,"computed":true},"network_function_chain_reference":{"type":["map","string"],"description_kind":"plain","optional":true,"computed":true},"peer_specification_type":{"type":"string","description_kind":"plain","optional":true,"computed":true},"protocol":{"type":"string","description_kind":"plain","optional":true,"computed":true}},"block_types":{"address_group_inclusion_list":{"nesting_mode":"list","block":{"attributes":{"kind":{"type":"string","description_kind":"plain","optional":true,"computed":true},"name":{"type":"string","description_kind":"plain","computed":true},"uuid":{"type":"string","description_kind":"plain","optional":true,"computed":true}},"description_kind":"plain"}},"filter_params":{"nesting_mode":"set","block":{"attributes":{"name":{"type":"string","description_kind":"plain","required":true},"values":{"type":["list","string"],"description_kind":"plain","required":true}},"description_kind":"plain"}},"icmp_type_code_list":{"nesting_mode":"list","block":{"attributes":{"code":{"type":"string","description_kind":"plain","optional":true,"computed":true},"type":{"type":"string","description_kind":"plain","optional":true,"computed":true}},"description_kind":"plain"}},"service_group_list":{"nesting_mode":"list","block":{"attributes":{"kind":{"type":"string","description_kind":"plain","optional":true,"computed":true},"name":{"type":"string","description_kind":"plain","computed":true},"uuid":{"type":"string","description_kind":"plain","optional":true,"computed":true}},"description_kind":"plain"}},"tcp_port_range_list":{"nesting_mode":"list","block":{"attributes":{"end_port":{"type":"number","description_kind":"plain","optional":true,"computed":true},"start_port":{"type":"number","description_kind":"plain","optional":true,"computed":true}},"description_kind":"plain"}},"udp_port_range_list":{"nesting_mode":"list","block":{"attributes":{"end_port":{"type":"number","description_kind":"plain","optional":true,"computed":true},"start_port":{"type":"number","description_kind":"plain","optional":true,"computed":true}},"description_kind":"plain"}}},"description_kind":"plain"}},"app_rule_outbound_allow_list":{"nesting_mode":"list","block":{"attributes":{"expiration_time":{"type":"string","description_kind":"plain","optional":true,"computed":true},"filter_kind_list":{"type":["list","string"],"description_kind":"plain","optional":true,"computed":true},"filter_type":{"type":"string","description_kind":"plain","optional":true,"computed":true},"ip_subnet":{"type":"string","description_kind":"plain","optional":true,"computed":true},"ip_subnet_prefix_length":{"type":"string","description_kind":"plain","optional":true,"computed":true},"network_function_chain_reference":{"type":["map","string"],"description_kind":"plain","optional":true,"computed":true},"peer_specification_type":{"type":"string","description_kind":"plain","optional":true,"computed":true},"protocol":{"type":"string","description_kind":"plain","optional":true,"computed":true}},"block_types":{"address_group_inclusion_list":{"nesting_mode":"list","block":{"attributes":{"kind":{"type":"string","description_kind":"plain","optional":true,"computed":true},"name":{"type":"string","description_kind":"plain","computed":true},"uuid":{"type":"string","description_kind":"plain","optional":true,"computed":true}},"description_kind":"plain"}},"filter_params":{"nesting_mode":"set","block":{"attributes":{"name":{"type":"string","description_kind":"plain","required":true},"values":{"type":["list","string"],"description_kind":"plain","required":true}},"description_kind":"plain"}},"icmp_type_code_list":{"nesting_mode":"list","block":{"attributes":{"code":{"type":"string","description_kind":"plain","optional":true,"computed":true},"type":{"type":"string","description_kind":"plain","optional":true,"computed":true}},"description_kind":"plain"}},"service_group_list":{"nesting_mode":"list","block":{"attributes":{"kind":{"type":"string","description_kind":"plain","optional":true,"computed":true},"name":{"type":"string","description_kind":"plain","computed":true},"uuid":{"type":"string","description_kind":"plain","optional":true,"computed":true}},"description_kind":"plain"}},"tcp_port_range_list":{"nesting_mode":"list","block":{"attributes":{"end_port":{"type":"number","description_kind":"plain","optional":true,"computed":true},"start_port":{"type":"number","description_kind":"plain","optional":true,"computed":true}},"description_kind":"plain"}},"udp_port_range_list":{"nesting_mode":"list","block":{"attributes":{"end_port":{"type":"number","description_kind":"plain","optional":true,"computed":true},"start_port":{"type":"number","description_kind":"plain","optional":true,"computed":true}},"description_kind":"plain"}}},"description_kind":"plain"}},"app_rule_target_group_filter_params":{"nesting_mode":"set","block":{"attributes":{"name":{"type":"string","description_kind":"plain","required":true},"values":{"type":["list","string"],"description_kind":"plain","required":true}},"description_kind":"plain"}},"categories":{"nesting_mode":"set","block":{"attributes":{"name":{"type":"string","description_kind":"plain","optional":true,"computed":true},"value":{"type":"string","description_kind":"plain","optional":true,"computed":true}},"description_kind":"plain"}},"isolation_rule_first_entity_filter_params":{"nesting_mode":"set","block":{"attributes":{"name":{"type":"string","description_kind":"plain","required":true},"values":{"type":["list","string"],"description_kind":"plain","required":true}},"description_kind":"plain"}},"isolation_rule_second_entity_filter_params":{"nesting_mode":"set","block":{"attributes":{"name":{"type":"string","description_kind":"plain","required":true},"values":{"type":["list","string"],"description_kind":"plain","required":true}},"description_kind":"plain"}},"timeouts":{"nesting_mode":"single","block":{"attributes":{"create":{"type":"string","description_kind":"plain","optional":true},"delete":{"type":"string","description_kind":"plain","optional":true},"update":{"type":"string","description_kind":"plain","optional":true}},"description_kind":"plain"}}},"description_kind":"plain"}},"nutanix_project":{"version":0,"block":{"attributes":{"api_version":{"type":"string","description_kind":"plain","optional":true,"computed":true},"description":{"type":"string","description_kind":"plain","required":true},"id":{"type":"string","description_kind":"plain","optional":true,"computed":true},"is_default":{"type":"bool","description_kind":"plain","computed":true},"metadata":{"type":["map","string"],"description_kind":"plain","computed":true},"name":{"type":"string","description_kind":"plain","required":true},"owner_reference":{"type":["map","string"],"description_kind":"plain","optional":true,"computed":true},"project_reference":{"type":["map","string"],"description_kind":"plain","optional":true,"computed":true},"state":{"type":"string","description_kind":"plain","computed":true}},"block_types":{"account_reference_list":{"nesting_mode":"list","block":{"attributes":{"kind":{"type":"string","description_kind":"plain","optional":true},"name":{"type":"string","description_kind":"plain","optional":true,"computed":true},"uuid":{"type":"string","description_kind":"plain","required":true}},"description_kind":"plain"}},"categories":{"nesting_mode":"set","block":{"attributes":{"name":{"type":"string","description_kind":"plain","optional":true,"computed":true},"value":{"type":"string","description_kind":"plain","optional":true,"computed":true}},"description_kind":"plain"}},"default_subnet_reference":{"nesting_mode":"list","block":{"attributes":{"kind":{"type":"string","description_kind":"plain","optional":true},"name":{"type":"string","description_kind":"plain","optional":true,"computed":true},"uuid":{"type":"string","description_kind":"plain","required":true}},"description_kind":"plain"},"min_items":1,"max_items":1},"environment_reference_list":{"nesting_mode":"list","block":{"attributes":{"kind":{"type":"string","description_kind":"plain","optional":true},"name":{"type":"string","description_kind":"plain","optional":true,"computed":true},"uuid":{"type":"string","description_kind":"plain","required":true}},"description_kind":"plain"}},"external_network_list":{"nesting_mode":"list","block":{"attributes":{"name":{"type":"string","description_kind":"plain","optional":true,"computed":true},"uuid":{"type":"string","description_kind":"plain","required":true}},"description_kind":"plain"}},"external_user_group_reference_list":{"nesting_mode":"set","block":{"attributes":{"kind":{"type":"string","description_kind":"plain","optional":true},"name":{"type":"string","description_kind":"plain","optional":true,"computed":true},"uuid":{"type":"string","description_kind":"plain","required":true}},"description_kind":"plain"}},"resource_domain":{"nesting_mode":"list","block":{"block_types":{"resources":{"nesting_mode":"list","block":{"attributes":{"limit":{"type":"number","description_kind":"plain","required":true},"resource_type":{"type":"string","description_kind":"plain","required":true},"units":{"type":"string","description_kind":"plain","computed":true},"value":{"type":"number","description_kind":"plain","computed":true}},"description_kind":"plain"},"min_items":1}},"description_kind":"plain"},"max_items":1},"subnet_reference_list":{"nesting_mode":"list","block":{"attributes":{"kind":{"type":"string","description_kind":"plain","optional":true},"name":{"type":"string","description_kind":"plain","optional":true,"computed":true},"uuid":{"type":"string","description_kind":"plain","required":true}},"description_kind":"plain"}},"timeouts":{"nesting_mode":"single","block":{"attributes":{"create":{"type":"string","description_kind":"plain","optional":true},"delete":{"type":"string","description_kind":"plain","optional":true},"update":{"type":"string","description_kind":"plain","optional":true}},"description_kind":"plain"}},"user_reference_list":{"nesting_mode":"set","block":{"attributes":{"kind":{"type":"string","description_kind":"plain","optional":true},"name":{"type":"string","description_kind":"plain","optional":true,"computed":true},"uuid":{"type":"string","description_kind":"plain","required":true}},"description_kind":"plain"}}},"description_kind":"plain"}},"nutanix_protection_rule":{"version":1,"block":{"attributes":{"api_version":{"type":"string","description_kind":"plain","computed":true},"description":{"type":"string","description_kind":"plain","optional":true,"computed":true},"id":{"type":"string","description_kind":"plain","optional":true,"computed":true},"metadata":{"type":["map","string"],"description_kind":"plain","computed":true},"name":{"type":"string","description_kind":"plain","required":true},"start_time":{"type":"string","description_kind":"plain","optional":true,"computed":true},"state":{"type":"string","description_kind":"plain","computed":true}},"block_types":{"availability_zone_connectivity_list":{"nesting_mode":"list","block":{"attributes":{"destination_availability_zone_index":{"type":"number","description_kind":"plain","optional":true,"computed":true},"source_availability_zone_index":{"type":"number","description_kind":"plain","optional":true,"computed":true}},"block_types":{"snapshot_schedule_list":{"nesting_mode":"list","block":{"attributes":{"auto_suspend_timeout_secs":{"type":"number","description_kind":"plain","optional":true,"computed":true},"recovery_point_objective_secs":{"type":"number","description_kind":"plain","required":true},"snapshot_type":{"type":"string","description_kind":"plain","optional":true,"computed":true}},"block_types":{"local_snapshot_retention_policy":{"nesting_mode":"list","block":{"attributes":{"num_snapshots":{"type":"number","description_kind":"plain","optional":true,"computed":true},"rollup_retention_policy_multiple":{"type":"number","description_kind":"plain","optional":true,"computed":true},"rollup_retention_policy_snapshot_interval_type":{"type":"string","description_kind":"plain","optional":true,"computed":true}},"description_kind":"plain"},"max_items":1},"remote_snapshot_retention_policy":{"nesting_mode":"list","block":{"attributes":{"num_snapshots":{"type":"number","description_kind":"plain","optional":true,"computed":true},"rollup_retention_policy_multiple":{"type":"number","description_kind":"plain","optional":true,"computed":true},"rollup_retention_policy_snapshot_interval_type":{"type":"string","description_kind":"plain","optional":true,"computed":true}},"description_kind":"plain"},"max_items":1}},"description_kind":"plain"}}},"description_kind":"plain"},"min_items":1},"categories":{"nesting_mode":"set","block":{"attributes":{"name":{"type":"string","description_kind":"plain","optional":true,"computed":true},"value":{"type":"string","description_kind":"plain","optional":true,"computed":true}},"description_kind":"plain"}},"category_filter":{"nesting_mode":"list","block":{"attributes":{"kind_list":{"type":["list","string"],"description_kind":"plain","optional":true,"computed":true},"type":{"type":"string","description_kind":"plain","optional":true,"computed":true}},"block_types":{"params":{"nesting_mode":"set","block":{"attributes":{"name":{"type":"string","description_kind":"plain","required":true},"values":{"type":["list","string"],"description_kind":"plain","required":true}},"description_kind":"plain"}}},"description_kind":"plain"},"max_items":1},"ordered_availability_zone_list":{"nesting_mode":"list","block":{"attributes":{"availability_zone_url":{"type":"string","description_kind":"plain","optional":true,"computed":true},"cluster_uuid":{"type":"string","description_kind":"plain","optional":true,"computed":true}},"description_kind":"plain"},"min_items":1},"owner_reference":{"nesting_mode":"list","block":{"attributes":{"kind":{"type":"string","description_kind":"plain","optional":true},"name":{"type":"string","description_kind":"plain","optional":true},"uuid":{"type":"string","description_kind":"plain","optional":true}},"description_kind":"plain"},"max_items":1},"project_reference":{"nesting_mode":"list","block":{"attributes":{"kind":{"type":"string","description_kind":"plain","optional":true},"name":{"type":"string","description_kind":"plain","optional":true},"uuid":{"type":"string","description_kind":"plain","optional":true}},"description_kind":"plain"},"max_items":1},"timeouts":{"nesting_mode":"single","block":{"attributes":{"create":{"type":"string","description_kind":"plain","optional":true},"delete":{"type":"string","description_kind":"plain","optional":true},"update":{"type":"string","description_kind":"plain","optional":true}},"description_kind":"plain"}}},"description_kind":"plain"}},"nutanix_recovery_plan":{"version":1,"block":{"attributes":{"api_version":{"type":"string","description_kind":"plain","computed":true},"description":{"type":"string","description_kind":"plain","optional":true,"computed":true},"id":{"type":"string","description_kind":"plain","optional":true,"computed":true},"metadata":{"type":["map","string"],"description_kind":"plain","computed":true},"name":{"type":"string","description_kind":"plain","required":true},"state":{"type":"string","description_kind":"plain","computed":true}},"block_types":{"categories":{"nesting_mode":"set","block":{"attributes":{"name":{"type":"string","description_kind":"plain","optional":true,"computed":true},"value":{"type":"string","description_kind":"plain","optional":true,"computed":true}},"description_kind":"plain"}},"owner_reference":{"nesting_mode":"list","block":{"attributes":{"kind":{"type":"string","description_kind":"plain","optional":true},"name":{"type":"string","description_kind":"plain","optional":true},"uuid":{"type":"string","description_kind":"plain","optional":true}},"description_kind":"plain"},"max_items":1},"parameters":{"nesting_mode":"list","block":{"block_types":{"floating_ip_assignment_list":{"nesting_mode":"list","block":{"attributes":{"availability_zone_url":{"type":"string","description_kind":"plain","required":true}},"block_types":{"vm_ip_assignment_list":{"nesting_mode":"list","block":{"block_types":{"recovery_floating_ip_config":{"nesting_mode":"list","block":{"attributes":{"ip":{"type":"string","description_kind":"plain","optional":true,"computed":true},"should_allocate_dynamically":{"type":"bool","description_kind":"plain","optional":true,"computed":true}},"description_kind":"plain"},"max_items":1},"test_floating_ip_config":{"nesting_mode":"list","block":{"attributes":{"ip":{"type":"string","description_kind":"plain","optional":true,"computed":true},"should_allocate_dynamically":{"type":"bool","description_kind":"plain","optional":true,"computed":true}},"description_kind":"plain"},"max_items":1},"vm_nic_information":{"nesting_mode":"list","block":{"attributes":{"ip":{"type":"string","description_kind":"plain","optional":true,"computed":true},"uuid":{"type":"string","description_kind":"plain","required":true}},"description_kind":"plain"},"min_items":1,"max_items":1},"vm_reference":{"nesting_mode":"list","block":{"attributes":{"kind":{"type":"string","description_kind":"plain","required":true},"name":{"type":"string","description_kind":"plain","optional":true,"computed":true},"uuid":{"type":"string","description_kind":"plain","required":true}},"description_kind":"plain"},"min_items":1,"max_items":1}},"description_kind":"plain"},"min_items":1}},"description_kind":"plain"}},"network_mapping_list":{"nesting_mode":"list","block":{"attributes":{"are_networks_stretched":{"type":"bool","description_kind":"plain","optional":true,"computed":true}},"block_types":{"availability_zone_network_mapping_list":{"nesting_mode":"list","block":{"attributes":{"availability_zone_url":{"type":"string","description_kind":"plain","optional":true,"computed":true}},"block_types":{"cluster_reference_list":{"nesting_mode":"set","block":{"attributes":{"kind":{"type":"string","description_kind":"plain","required":true},"name":{"type":"string","description_kind":"plain","optional":true,"computed":true},"uuid":{"type":"string","description_kind":"plain","required":true}},"description_kind":"plain"}},"recovery_ip_assignment_list":{"nesting_mode":"list","block":{"block_types":{"ip_config_list":{"nesting_mode":"list","block":{"attributes":{"ip_address":{"type":"string","description_kind":"plain","required":true}},"description_kind":"plain"},"min_items":1},"vm_reference":{"nesting_mode":"list","block":{"attributes":{"kind":{"type":"string","description_kind":"plain","required":true},"name":{"type":"string","description_kind":"plain","optional":true,"computed":true},"uuid":{"type":"string","description_kind":"plain","optional":true,"computed":true}},"description_kind":"plain"},"min_items":1,"max_items":1}},"description_kind":"plain"}},"recovery_network":{"nesting_mode":"list","block":{"attributes":{"name":{"type":"string","description_kind":"plain","optional":true,"computed":true},"use_vpc_reference":{"type":"bool","description_kind":"plain","optional":true,"computed":true}},"block_types":{"subnet_list":{"nesting_mode":"list","block":{"attributes":{"external_connectivity_state":{"type":"string","description_kind":"plain","optional":true,"computed":true},"gateway_ip":{"type":"string","description_kind":"plain","required":true},"prefix_length":{"type":"number","description_kind":"plain","required":true}},"description_kind":"plain"}},"virtual_network_reference":{"nesting_mode":"list","block":{"attributes":{"kind":{"type":"string","description_kind":"plain","optional":true,"computed":true},"name":{"type":"string","description_kind":"plain","optional":true,"computed":true},"uuid":{"type":"string","description_kind":"plain","optional":true,"computed":true}},"description_kind":"plain"},"max_items":1},"vpc_reference":{"nesting_mode":"list","block":{"attributes":{"kind":{"type":"string","description_kind":"plain","optional":true,"computed":true},"name":{"type":"string","description_kind":"plain","optional":true,"computed":true},"uuid":{"type":"string","description_kind":"plain","optional":true,"computed":true}},"description_kind":"plain"},"max_items":1}},"description_kind":"plain"},"max_items":1},"test_ip_assignment_list":{"nesting_mode":"list","block":{"block_types":{"ip_config_list":{"nesting_mode":"list","block":{"attributes":{"ip_address":{"type":"string","description_kind":"plain","required":true}},"description_kind":"plain"},"min_items":1},"vm_reference":{"nesting_mode":"list","block":{"attributes":{"kind":{"type":"string","description_kind":"plain","required":true},"name":{"type":"string","description_kind":"plain","optional":true,"computed":true},"uuid":{"type":"string","description_kind":"plain","optional":true,"computed":true}},"description_kind":"plain"},"min_items":1,"max_items":1}},"description_kind":"plain"}},"test_network":{"nesting_mode":"list","block":{"attributes":{"name":{"type":"string","description_kind":"plain","optional":true,"computed":true},"use_vpc_reference":{"type":"bool","description_kind":"plain","optional":true,"computed":true}},"block_types":{"subnet_list":{"nesting_mode":"list","block":{"attributes":{"external_connectivity_state":{"type":"string","description_kind":"plain","optional":true,"computed":true},"gateway_ip":{"type":"string","description_kind":"plain","required":true},"prefix_length":{"type":"number","description_kind":"plain","required":true}},"description_kind":"plain"}},"virtual_network_reference":{"nesting_mode":"list","block":{"attributes":{"kind":{"type":"string","description_kind":"plain","optional":true,"computed":true},"name":{"type":"string","description_kind":"plain","optional":true,"computed":true},"uuid":{"type":"string","description_kind":"plain","optional":true,"computed":true}},"description_kind":"plain"},"max_items":1},"vpc_reference":{"nesting_mode":"list","block":{"attributes":{"kind":{"type":"string","description_kind":"plain","optional":true,"computed":true},"name":{"type":"string","description_kind":"plain","optional":true,"computed":true},"uuid":{"type":"string","description_kind":"plain","optional":true,"computed":true}},"description_kind":"plain"},"max_items":1}},"description_kind":"plain"},"max_items":1}},"description_kind":"plain"}}},"description_kind":"plain"}}},"description_kind":"plain"},"min_items":1,"max_items":1},"project_reference":{"nesting_mode":"list","block":{"attributes":{"kind":{"type":"string","description_kind":"plain","optional":true},"name":{"type":"string","description_kind":"plain","optional":true},"uuid":{"type":"string","description_kind":"plain","optional":true}},"description_kind":"plain"},"max_items":1},"stage_list":{"nesting_mode":"list","block":{"attributes":{"delay_time_secs":{"type":"number","description_kind":"plain","optional":true,"computed":true},"stage_uuid":{"type":"string","description_kind":"plain","optional":true,"computed":true}},"block_types":{"stage_work":{"nesting_mode":"list","block":{"block_types":{"recover_entities":{"nesting_mode":"list","block":{"block_types":{"entity_info_list":{"nesting_mode":"list","block":{"attributes":{"any_entity_reference_kind":{"type":"string","description_kind":"plain","optional":true},"any_entity_reference_name":{"type":"string","description_kind":"plain","optional":true},"any_entity_reference_uuid":{"type":"string","description_kind":"plain","optional":true}},"block_types":{"categories":{"nesting_mode":"set","block":{"attributes":{"name":{"type":"string","description_kind":"plain","optional":true},"value":{"type":"string","description_kind":"plain","optional":true}},"description_kind":"plain"}},"script_list":{"nesting_mode":"list","block":{"attributes":{"enable_script_exec":{"type":"bool","description_kind":"plain","required":true},"timeout":{"type":"string","description_kind":"plain","optional":true,"computed":true}},"description_kind":"plain"}}},"description_kind":"plain"}}},"description_kind":"plain"},"max_items":1}},"description_kind":"plain"},"min_items":1,"max_items":1}},"description_kind":"plain"},"min_items":1},"timeouts":{"nesting_mode":"single","block":{"attributes":{"create":{"type":"string","description_kind":"plain","optional":true},"delete":{"type":"string","description_kind":"plain","optional":true},"update":{"type":"string","description_kind":"plain","optional":true}},"description_kind":"plain"}}},"description_kind":"plain"}},"nutanix_role":{"version":0,"block":{"attributes":{"api_version":{"type":"string","description_kind":"plain","computed":true},"description":{"type":"string","description_kind":"plain","optional":true,"computed":true},"id":{"type":"string","description_kind":"plain","optional":true,"computed":true},"metadata":{"type":["map","string"],"description_kind":"plain","computed":true},"name":{"type":"string","description_kind":"plain","required":true},"state":{"type":"string","description_kind":"plain","computed":true}},"block_types":{"categories":{"nesting_mode":"set","block":{"attributes":{"name":{"type":"string","description_kind":"plain","optional":true,"computed":true},"value":{"type":"string","description_kind":"plain","optional":true,"computed":true}},"description_kind":"plain"}},"owner_reference":{"nesting_mode":"list","block":{"attributes":{"kind":{"type":"string","description_kind":"plain","optional":true},"name":{"type":"string","description_kind":"plain","optional":true},"uuid":{"type":"string","description_kind":"plain","optional":true}},"description_kind":"plain"},"max_items":1},"permission_reference_list":{"nesting_mode":"set","block":{"attributes":{"kind":{"type":"string","description_kind":"plain","optional":true},"name":{"type":"string","description_kind":"plain","optional":true,"computed":true},"uuid":{"type":"string","description_kind":"plain","required":true}},"description_kind":"plain"},"min_items":1},"project_reference":{"nesting_mode":"list","block":{"attributes":{"kind":{"type":"string","description_kind":"plain","optional":true},"name":{"type":"string","description_kind":"plain","optional":true},"uuid":{"type":"string","description_kind":"plain","optional":true}},"description_kind":"plain"},"max_items":1},"timeouts":{"nesting_mode":"single","block":{"attributes":{"create":{"type":"string","description_kind":"plain","optional":true},"delete":{"type":"string","description_kind":"plain","optional":true},"update":{"type":"string","description_kind":"plain","optional":true}},"description_kind":"plain"}}},"description_kind":"plain"}},"nutanix_service_group":{"version":0,"block":{"attributes":{"description":{"type":"string","description_kind":"plain","optional":true},"id":{"type":"string","description_kind":"plain","optional":true,"computed":true},"name":{"type":"string","description_kind":"plain","required":true},"system_defined":{"type":"bool","description_kind":"plain","computed":true}},"block_types":{"service_list":{"nesting_mode":"list","block":{"attributes":{"protocol":{"type":"string","description_kind":"plain","optional":true}},"block_types":{"icmp_type_code_list":{"nesting_mode":"list","block":{"attributes":{"code":{"type":"string","description_kind":"plain","optional":true},"type":{"type":"string","description_kind":"plain","optional":true}},"description_kind":"plain"}},"tcp_port_range_list":{"nesting_mode":"list","block":{"attributes":{"end_port":{"type":"number","description_kind":"plain","optional":true},"start_port":{"type":"number","description_kind":"plain","optional":true}},"description_kind":"plain"}},"udp_port_range_list":{"nesting_mode":"list","block":{"attributes":{"end_port":{"type":"number","description_kind":"plain","optional":true},"start_port":{"type":"number","description_kind":"plain","optional":true}},"description_kind":"plain"}}},"description_kind":"plain"},"min_items":1}},"description_kind":"plain"}},"nutanix_subnet":{"version":1,"block":{"attributes":{"api_version":{"type":"string","description_kind":"plain","computed":true},"availability_zone_reference":{"type":["map","string"],"description_kind":"plain","optional":true,"computed":true},"cluster_name":{"type":"string","description_kind":"plain","computed":true},"cluster_uuid":{"type":"string","description_kind":"plain","required":true},"default_gateway_ip":{"type":"string","description_kind":"plain","optional":true,"computed":true},"description":{"type":"string","description_kind":"plain","optional":true,"computed":true},"dhcp_domain_name_server_list":{"type":["list","string"],"description_kind":"plain","optional":true,"computed":true},"dhcp_domain_search_list":{"type":["list","string"],"description_kind":"plain","optional":true,"computed":true},"dhcp_options":{"type":["map","string"],"description_kind":"plain","optional":true,"computed":true},"dhcp_server_address":{"type":["map","string"],"description_kind":"plain","optional":true,"computed":true},"dhcp_server_address_port":{"type":"number","description_kind":"plain","optional":true,"computed":true},"id":{"type":"string","description_kind":"plain","optional":true,"computed":true},"ip_config_pool_list_ranges":{"type":["list","string"],"description_kind":"plain","optional":true,"computed":true},"metadata":{"type":["map","string"],"description_kind":"plain","computed":true},"name":{"type":"string","description_kind":"plain","required":true},"network_function_chain_reference":{"type":["map","string"],"description_kind":"plain","optional":true,"computed":true},"owner_reference":{"type":["map","string"],"description_kind":"plain","optional":true,"computed":true},"prefix_length":{"type":"number","description_kind":"plain","optional":true,"computed":true},"project_reference":{"type":["map","string"],"description_kind":"plain","optional":true,"computed":true},"state":{"type":"string","description_kind":"plain","computed":true},"subnet_ip":{"type":"string","description_kind":"plain","optional":true,"computed":true},"subnet_type":{"type":"string","description_kind":"plain","required":true},"vlan_id":{"type":"number","description_kind":"plain","optional":true,"computed":true},"vswitch_name":{"type":"string","description_kind":"plain","optional":true,"computed":true}},"block_types":{"categories":{"nesting_mode":"set","block":{"attributes":{"name":{"type":"string","description_kind":"plain","optional":true,"computed":true},"value":{"type":"string","description_kind":"plain","optional":true,"computed":true}},"description_kind":"plain"}},"timeouts":{"nesting_mode":"single","block":{"attributes":{"create":{"type":"string","description_kind":"plain","optional":true},"delete":{"type":"string","description_kind":"plain","optional":true},"update":{"type":"string","description_kind":"plain","optional":true}},"description_kind":"plain"}}},"description_kind":"plain"}},"nutanix_user":{"version":0,"block":{"attributes":{"access_control_policy_reference_list":{"type":["set",["object",{"kind":"string","name":"string","uuid":"string"}]],"description_kind":"plain","computed":true},"api_version":{"type":"string","description_kind":"plain","computed":true},"display_name":{"type":"string","description_kind":"plain","computed":true},"id":{"type":"string","description_kind":"plain","optional":true,"computed":true},"metadata":{"type":["map","string"],"description_kind":"plain","computed":true},"name":{"type":"string","description_kind":"plain","computed":true},"owner_reference":{"type":["map","string"],"description_kind":"plain","optional":true,"computed":true},"project_reference":{"type":["map","string"],"description_kind":"plain","optional":true},"project_reference_list":{"type":["set",["object",{"kind":"string","name":"string","uuid":"string"}]],"description_kind":"plain","computed":true},"state":{"type":"string","description_kind":"plain","computed":true},"user_type":{"type":"string","description_kind":"plain","computed":true}},"block_types":{"categories":{"nesting_mode":"set","block":{"attributes":{"name":{"type":"string","description_kind":"plain","optional":true,"computed":true},"value":{"type":"string","description_kind":"plain","optional":true,"computed":true}},"description_kind":"plain"}},"directory_service_user":{"nesting_mode":"list","block":{"attributes":{"default_user_principal_name":{"type":"string","description_kind":"plain","computed":true},"user_principal_name":{"type":"string","description_kind":"plain","optional":true,"computed":true}},"block_types":{"directory_service_reference":{"nesting_mode":"list","block":{"attributes":{"kind":{"type":"string","description_kind":"plain","optional":true},"name":{"type":"string","description_kind":"plain","optional":true,"computed":true},"uuid":{"type":"string","description_kind":"plain","required":true}},"description_kind":"plain"},"min_items":1,"max_items":1}},"description_kind":"plain"},"max_items":1},"identity_provider_user":{"nesting_mode":"list","block":{"attributes":{"username":{"type":"string","description_kind":"plain","optional":true,"computed":true}},"block_types":{"identity_provider_reference":{"nesting_mode":"list","block":{"attributes":{"kind":{"type":"string","description_kind":"plain","optional":true},"name":{"type":"string","description_kind":"plain","optional":true,"computed":true},"uuid":{"type":"string","description_kind":"plain","required":true}},"description_kind":"plain"},"min_items":1,"max_items":1}},"description_kind":"plain"},"max_items":1},"timeouts":{"nesting_mode":"single","block":{"attributes":{"create":{"type":"string","description_kind":"plain","optional":true},"delete":{"type":"string","description_kind":"plain","optional":true},"update":{"type":"string","description_kind":"plain","optional":true}},"description_kind":"plain"}}},"description_kind":"plain"}},"nutanix_virtual_machine":{"version":1,"block":{"attributes":{"api_version":{"type":"string","description_kind":"plain","computed":true},"availability_zone_reference":{"type":["map","string"],"description_kind":"plain","optional":true,"computed":true},"boot_device_disk_address":{"type":["map","string"],"description_kind":"plain","optional":true,"computed":true},"boot_device_mac_address":{"type":"string","description_kind":"plain","optional":true,"computed":true},"boot_device_order_list":{"type":["list","string"],"description_kind":"plain","optional":true,"computed":true},"boot_type":{"type":"string","description_kind":"plain","optional":true,"computed":true},"cloud_init_cdrom_uuid":{"type":"string","description_kind":"plain","optional":true,"computed":true},"cluster_name":{"type":"string","description_kind":"plain","computed":true},"cluster_uuid":{"type":"string","description_kind":"plain","required":true},"description":{"type":"string","description_kind":"plain","optional":true,"computed":true},"enable_cpu_passthrough":{"type":"bool","description_kind":"plain","optional":true},"enable_script_exec":{"type":"bool","description_kind":"plain","optional":true,"computed":true},"guest_customization_cloud_init_custom_key_values":{"type":["map","string"],"description_kind":"plain","optional":true,"computed":true},"guest_customization_cloud_init_meta_data":{"type":"string","description_kind":"plain","optional":true,"computed":true},"guest_customization_cloud_init_user_data":{"type":"string","description_kind":"plain","optional":true,"computed":true},"guest_customization_is_overridable":{"type":"bool","description_kind":"plain","optional":true,"computed":true},"guest_customization_sysprep":{"type":["map","string"],"description_kind":"plain","optional":true,"computed":true},"guest_customization_sysprep_custom_key_values":{"type":["map","string"],"description_kind":"plain","optional":true,"computed":true},"guest_os_id":{"type":"string","description_kind":"plain","optional":true,"computed":true},"hardware_clock_timezone":{"type":"string","description_kind":"plain","optional":true,"computed":true},"host_reference":{"type":["map","string"],"description_kind":"plain","computed":true},"hypervisor_type":{"type":"string","description_kind":"plain","computed":true},"id":{"type":"string","description_kind":"plain","optional":true,"computed":true},"is_vcpu_hard_pinned":{"type":"bool","description_kind":"plain","optional":true},"machine_type":{"type":"string","description_kind":"plain","optional":true,"computed":true},"memory_size_mib":{"type":"number","description_kind":"plain","optional":true,"computed":true},"metadata":{"type":["map","string"],"description_kind":"plain","computed":true},"name":{"type":"string","description_kind":"plain","required":true},"ngt_credentials":{"type":["map","string"],"description_kind":"plain","optional":true,"computed":true},"ngt_enabled_capability_list":{"type":["list","string"],"description_kind":"plain","optional":true,"computed":true},"nic_list_status":{"type":["list",["object",{"floating_ip":"string","ip_endpoint_list":["list",["object",{"ip":"string","type":"string"}]],"is_connected":"string","mac_address":"string","model":"string","network_function_chain_reference":["map","string"],"network_function_nic_type":"string","nic_type":"string","num_queues":"number","subnet_name":"string","subnet_uuid":"string","uuid":"string"}]],"description_kind":"plain","computed":true},"num_sockets":{"type":"number","description_kind":"plain","optional":true,"computed":true},"num_vcpus_per_socket":{"type":"number","description_kind":"plain","optional":true,"computed":true},"num_vnuma_nodes":{"type":"number","description_kind":"plain","optional":true,"computed":true},"nutanix_guest_tools":{"type":["map","string"],"description_kind":"plain","optional":true,"computed":true},"owner_reference":{"type":["map","string"],"description_kind":"plain","optional":true,"computed":true},"parent_reference":{"type":["map","string"],"description_kind":"plain","optional":true,"computed":true},"power_state":{"type":"string","description_kind":"plain","computed":true},"power_state_mechanism":{"type":"string","description_kind":"plain","optional":true,"computed":true},"project_reference":{"type":["map","string"],"description_kind":"plain","optional":true,"computed":true},"should_fail_on_script_failure":{"type":"bool","description_kind":"plain","optional":true,"computed":true},"state":{"type":"string","description_kind":"plain","computed":true},"use_hot_add":{"type":"bool","description_kind":"plain","optional":true},"vga_console_enabled":{"type":"bool","description_kind":"plain","optional":true,"computed":true}},"block_types":{"categories":{"nesting_mode":"set","block":{"attributes":{"name":{"type":"string","description_kind":"plain","optional":true,"computed":true},"value":{"type":"string","description_kind":"plain","optional":true,"computed":true}},"description_kind":"plain"}},"disk_list":{"nesting_mode":"list","block":{"attributes":{"data_source_reference":{"type":["map","string"],"description_kind":"plain","optional":true,"computed":true},"disk_size_bytes":{"type":"number","description_kind":"plain","optional":true,"computed":true},"disk_size_mib":{"type":"number","description_kind":"plain","optional":true,"computed":true},"uuid":{"type":"string","description_kind":"plain","optional":true,"computed":true},"volume_group_reference":{"type":["map","string"],"description_kind":"plain","optional":true,"computed":true}},"block_types":{"device_properties":{"nesting_mode":"list","block":{"attributes":{"device_type":{"type":"string","description_kind":"plain","optional":true},"disk_address":{"type":["map","string"],"description_kind":"plain","optional":true,"computed":true}},"description_kind":"plain"},"max_items":1},"storage_config":{"nesting_mode":"list","block":{"attributes":{"flash_mode":{"type":"string","description_kind":"plain","optional":true}},"block_types":{"storage_container_reference":{"nesting_mode":"list","block":{"attributes":{"kind":{"type":"string","description_kind":"plain","optional":true},"name":{"type":"string","description_kind":"plain","computed":true},"url":{"type":"string","description_kind":"plain","optional":true,"computed":true},"uuid":{"type":"string","description_kind":"plain","optional":true,"computed":true}},"description_kind":"plain"}}},"description_kind":"plain"},"max_items":1}},"description_kind":"plain"}},"gpu_list":{"nesting_mode":"list","block":{"attributes":{"device_id":{"type":"number","description_kind":"plain","optional":true,"computed":true},"fraction":{"type":"number","description_kind":"plain","computed":true},"frame_buffer_size_mib":{"type":"number","description_kind":"plain","computed":true},"guest_driver_version":{"type":"string","description_kind":"plain","computed":true},"mode":{"type":"string","description_kind":"plain","optional":true,"computed":true},"name":{"type":"string","description_kind":"plain","computed":true},"num_virtual_display_heads":{"type":"number","description_kind":"plain","computed":true},"pci_address":{"type":"string","description_kind":"plain","computed":true},"uuid":{"type":"string","description_kind":"plain","computed":true},"vendor":{"type":"string","description_kind":"plain","optional":true,"computed":true}},"description_kind":"plain"}},"nic_list":{"nesting_mode":"list","block":{"attributes":{"is_connected":{"type":"string","description_kind":"plain","optional":true},"mac_address":{"type":"string","description_kind":"plain","optional":true,"computed":true},"model":{"type":"string","description_kind":"plain","optional":true,"computed":true},"network_function_chain_reference":{"type":["map","string"],"description_kind":"plain","optional":true,"computed":true},"network_function_nic_type":{"type":"string","description_kind":"plain","optional":true,"computed":true},"nic_type":{"type":"string","description_kind":"plain","optional":true,"computed":true},"num_queues":{"type":"number","description_kind":"plain","optional":true,"computed":true},"subnet_name":{"type":"string","description_kind":"plain","optional":true,"computed":true},"subnet_uuid":{"type":"string","description_kind":"plain","optional":true},"uuid":{"type":"string","description_kind":"plain","optional":true,"computed":true}},"block_types":{"ip_endpoint_list":{"nesting_mode":"list","block":{"attributes":{"ip":{"type":"string","description_kind":"plain","optional":true,"computed":true},"type":{"type":"string","description_kind":"plain","optional":true,"computed":true}},"description_kind":"plain"}}},"description_kind":"plain"}},"serial_port_list":{"nesting_mode":"list","block":{"attributes":{"index":{"type":"number","description_kind":"plain","optional":true,"computed":true},"is_connected":{"type":"bool","description_kind":"plain","optional":true,"computed":true}},"description_kind":"plain"}},"timeouts":{"nesting_mode":"single","block":{"attributes":{"create":{"type":"string","description_kind":"plain","optional":true},"delete":{"type":"string","description_kind":"plain","optional":true},"update":{"type":"string","description_kind":"plain","optional":true}},"description_kind":"plain"}}},"description_kind":"plain"}}},"data_source_schemas":{"nutanix_access_control_policies":{"version":0,"block":{"attributes":{"api_version":{"type":"string","description_kind":"plain","computed":true},"entities":{"type":["list",["object",{"access_control_policy_id":"string","api_version":"string","categories":["set",["object",{"name":"string","value":"string"}]],"context_filter_list":["list",["object",{"entity_filter_expression_list":["list",["object",{"left_hand_side_entity_type":"string","operator":"string","right_hand_side":["list",["object",{"categories":["list",["object",{"name":"string","value":["list","string"]}]],"collection":"string","uuid_list":["set","string"]}]]}]],"scope_filter_expression_list":["list",["object",{"left_hand_side":"string","operator":"string","right_hand_side":["list",["object",{"categories":["list",["object",{"name":"string","value":["list","string"]}]],"collection":"string","uuid_list":["set","string"]}]]}]]}]],"description":"string","metadata":["map","string"],"name":"string","owner_reference":["map","string"],"project_reference":["map","string"],"role_reference":["list",["object",{"kind":"string","name":"string","uuid":"string"}]],"state":"string","user_group_reference_list":["set",["object",{"kind":"string","name":"string","uuid":"string"}]],"user_reference_list":["set",["object",{"kind":"string","name":"string","uuid":"string"}]]}]],"description_kind":"plain","computed":true},"id":{"type":"string","description_kind":"plain","optional":true,"computed":true}},"block_types":{"metadata":{"nesting_mode":"set","block":{"attributes":{"filter":{"type":"string","description_kind":"plain","optional":true,"computed":true},"kind":{"type":"string","description_kind":"plain","optional":true,"computed":true},"length":{"type":"number","description_kind":"plain","optional":true,"computed":true},"offset":{"type":"number","description_kind":"plain","optional":true,"computed":true},"sort_attribute":{"type":"string","description_kind":"plain","optional":true,"computed":true},"sort_order":{"type":"string","description_kind":"plain","optional":true,"computed":true}},"description_kind":"plain"}}},"description_kind":"plain"}},"nutanix_access_control_policy":{"version":0,"block":{"attributes":{"access_control_policy_id":{"type":"string","description_kind":"plain","optional":true},"access_control_policy_name":{"type":"string","description_kind":"plain","optional":true},"api_version":{"type":"string","description_kind":"plain","computed":true},"context_filter_list":{"type":["list",["object",{"entity_filter_expression_list":["list",["object",{"left_hand_side_entity_type":"string","operator":"string","right_hand_side":["list",["object",{"categories":["list",["object",{"name":"string","value":["list","string"]}]],"collection":"string","uuid_list":["set","string"]}]]}]],"scope_filter_expression_list":["list",["object",{"left_hand_side":"string","operator":"string","right_hand_side":["list",["object",{"categories":["list",["object",{"name":"string","value":["list","string"]}]],"collection":"string","uuid_list":["set","string"]}]]}]]}]],"description_kind":"plain","computed":true},"description":{"type":"string","description_kind":"plain","computed":true},"id":{"type":"string","description_kind":"plain","optional":true,"computed":true},"metadata":{"type":["map","string"],"description_kind":"plain","computed":true},"name":{"type":"string","description_kind":"plain","computed":true},"owner_reference":{"type":["map","string"],"description_kind":"plain","computed":true},"project_reference":{"type":["map","string"],"description_kind":"plain","computed":true},"role_reference":{"type":["list",["object",{"kind":"string","name":"string","uuid":"string"}]],"description_kind":"plain","computed":true},"state":{"type":"string","description_kind":"plain","computed":true},"user_group_reference_list":{"type":["set",["object",{"kind":"string","name":"string","uuid":"string"}]],"description_kind":"plain","computed":true},"user_reference_list":{"type":["set",["object",{"kind":"string","name":"string","uuid":"string"}]],"description_kind":"plain","computed":true}},"block_types":{"categories":{"nesting_mode":"set","block":{"attributes":{"name":{"type":"string","description_kind":"plain","optional":true,"computed":true},"value":{"type":"string","description_kind":"plain","optional":true,"computed":true}},"description_kind":"plain"}}},"description_kind":"plain"}},"nutanix_address_group":{"version":0,"block":{"attributes":{"address_group_string":{"type":"string","description_kind":"plain","computed":true},"description":{"type":"string","description_kind":"plain","computed":true},"id":{"type":"string","description_kind":"plain","optional":true,"computed":true},"ip_address_block_list":{"type":["list",["object",{"ip":"string","prefix_length":"number"}]],"description_kind":"plain","computed":true},"name":{"type":"string","description_kind":"plain","computed":true},"uuid":{"type":"string","description_kind":"plain","required":true}},"description_kind":"plain"}},"nutanix_address_groups":{"version":0,"block":{"attributes":{"entities":{"type":["list",["object",{"address_group":["list",["object",{"address_group_string":"string","description":"string","ip_address_block_list":["list",["object",{"ip":"string","prefix_length":"number"}]],"name":"string"}]],"associated_policies_list":["list",["object",{"kind":"string","name":"string","uuid":"string"}]]}]],"description_kind":"plain","computed":true},"id":{"type":"string","description_kind":"plain","optional":true,"computed":true}},"block_types":{"metadata":{"nesting_mode":"set","block":{"attributes":{"filter":{"type":"string","description_kind":"plain","optional":true,"computed":true},"kind":{"type":"string","description_kind":"plain","optional":true,"computed":true},"length":{"type":"number","description_kind":"plain","optional":true,"computed":true},"offset":{"type":"number","description_kind":"plain","optional":true,"computed":true},"sort_attribute":{"type":"string","description_kind":"plain","optional":true,"computed":true},"sort_order":{"type":"string","description_kind":"plain","optional":true,"computed":true}},"description_kind":"plain"}}},"description_kind":"plain"}},"nutanix_assert_helper":{"version":0,"block":{"attributes":{"id":{"type":"string","description_kind":"plain","optional":true,"computed":true}},"block_types":{"checks":{"nesting_mode":"list","block":{"attributes":{"condition":{"type":"bool","description_kind":"plain","required":true},"error_message":{"type":"string","description_kind":"plain","required":true}},"description_kind":"plain"}}},"description_kind":"plain"}},"nutanix_category_key":{"version":0,"block":{"attributes":{"api_version":{"type":"string","description_kind":"plain","computed":true},"description":{"type":"string","description_kind":"plain","computed":true},"id":{"type":"string","description_kind":"plain","optional":true,"computed":true},"name":{"type":"string","description_kind":"plain","required":true},"system_defined":{"type":"bool","description_kind":"plain","computed":true},"values":{"type":["list","string"],"description_kind":"plain","computed":true}},"description_kind":"plain"}},"nutanix_cluster":{"version":0,"block":{"attributes":{"analysis_vm_efficiency_map":{"type":["map","string"],"description_kind":"plain","computed":true},"api_version":{"type":"string","description_kind":"plain","computed":true},"authorized_public_key_list":{"type":["list",["object",{"key":"string","name":"string"}]],"description_kind":"plain","computed":true},"build":{"type":["map","string"],"description_kind":"plain","computed":true},"ca_certificate_list":{"type":["list",["object",{"ca_name":"string","certificate":"string"}]],"description_kind":"plain","computed":true},"certification_signing_info":{"type":["map","string"],"description_kind":"plain","computed":true},"client_auth":{"type":["map","string"],"description_kind":"plain","computed":true},"cluster_arch":{"type":"string","description_kind":"plain","computed":true},"cluster_id":{"type":"string","description_kind":"plain","optional":true,"computed":true},"domain_server_credentials":{"type":["map","string"],"description_kind":"plain","computed":true},"domain_server_name":{"type":"string","description_kind":"plain","computed":true},"domain_server_nameserver":{"type":"string","description_kind":"plain","computed":true},"enabled_feature_list":{"type":["list","string"],"description_kind":"plain","computed":true},"encryption_status":{"type":"string","description_kind":"plain","computed":true},"external_data_services_ip":{"type":"string","description_kind":"plain","computed":true},"external_ip":{"type":"string","description_kind":"plain","computed":true},"external_subnet":{"type":"string","description_kind":"plain","computed":true},"gpu_driver_version":{"type":"string","description_kind":"plain","computed":true},"http_proxy_list":{"type":["list",["object",{"address":["map","string"],"credentials":["map","string"],"proxy_type_list":["list","string"]}]],"description_kind":"plain","computed":true},"http_proxy_whitelist":{"type":["list",["object",{"target":"string","target_type":"string"}]],"description_kind":"plain","computed":true},"id":{"type":"string","description_kind":"plain","optional":true,"computed":true},"internal_subnet":{"type":"string","description_kind":"plain","computed":true},"is_available":{"type":"bool","description_kind":"plain","computed":true},"management_server_list":{"type":["list",["object",{"drs_enabled":"bool","ip":"string","status_list":["list","string"],"type":"string"}]],"description_kind":"plain","computed":true},"masquerading_ip":{"type":"string","description_kind":"plain","computed":true},"masquerading_port":{"type":"number","description_kind":"plain","computed":true},"metadata":{"type":["map","string"],"description_kind":"plain","computed":true},"name":{"type":"string","description_kind":"plain","optional":true,"computed":true},"name_server_ip_list":{"type":["list","string"],"description_kind":"plain","computed":true},"nfs_subnet_whitelist":{"type":["list","string"],"description_kind":"plain","computed":true},"nodes":{"type":["list",["object",{"ip":"string","type":"string","version":"string"}]],"description_kind":"plain","computed":true},"ntp_server_ip_list":{"type":["list","string"],"description_kind":"plain","computed":true},"operation_mode":{"type":"string","description_kind":"plain","computed":true},"owner_reference":{"type":["map","string"],"description_kind":"plain","computed":true},"project_reference":{"type":["map","string"],"description_kind":"plain","computed":true},"service_list":{"type":["list","string"],"description_kind":"plain","computed":true},"smtp_server_address":{"type":["map","string"],"description_kind":"plain","computed":true},"smtp_server_credentials":{"type":["map","string"],"description_kind":"plain","computed":true},"smtp_server_email_address":{"type":"string","description_kind":"plain","computed":true},"smtp_server_proxy_type_list":{"type":["list","string"],"description_kind":"plain","computed":true},"smtp_server_type":{"type":"string","description_kind":"plain","computed":true},"software_map_ncc":{"type":["map","string"],"description_kind":"plain","computed":true},"software_map_nos":{"type":["map","string"],"description_kind":"plain","computed":true},"ssl_key_expire_datetime":{"type":"string","description_kind":"plain","computed":true},"ssl_key_name":{"type":"string","description_kind":"plain","computed":true},"ssl_key_signing_info":{"type":["map","string"],"description_kind":"plain","computed":true},"ssl_key_type":{"type":"string","description_kind":"plain","computed":true},"state":{"type":"string","description_kind":"plain","computed":true},"supported_information_verbosity":{"type":"string","description_kind":"plain","computed":true},"timezone":{"type":"string","description_kind":"plain","computed":true}},"block_types":{"categories":{"nesting_mode":"set","block":{"attributes":{"name":{"type":"string","description_kind":"plain","optional":true,"computed":true},"value":{"type":"string","description_kind":"plain","optional":true,"computed":true}},"description_kind":"plain"}}},"description_kind":"plain"}},"nutanix_clusters":{"version":0,"block":{"attributes":{"api_version":{"type":"string","description_kind":"plain","computed":true},"entities":{"type":["list",["object",{"analysis_vm_efficiency_map":["map","string"],"api_version":"string","authorized_public_key_list":["list",["object",{"key":"string","name":"string"}]],"build":["map","string"],"ca_certificate_list":["list",["object",{"ca_name":"string","certificate":"string"}]],"categories":["set",["object",{"name":"string","value":"string"}]],"certification_signing_info":["map","string"],"client_auth":["map","string"],"cluster_arch":"string","domain_server_credentials":["map","string"],"domain_server_name":"string","domain_server_nameserver":"string","enabled_feature_list":["list","string"],"encryption_status":"string","external_data_services_ip":"string","external_ip":"string","external_subnet":"string","gpu_driver_version":"string","http_proxy_list":["list",["object",{"address":["map","string"],"credentials":["map","string"],"proxy_type_list":["list","string"]}]],"http_proxy_whitelist":["list",["object",{"target":"string","target_type":"string"}]],"internal_subnet":"string","is_available":"bool","management_server_list":["list",["object",{"drs_enabled":"bool","ip":"string","status_list":["list","string"],"type":"string"}]],"masquerading_ip":"string","masquerading_port":"number","metadata":["map","string"],"name":"string","name_server_ip_list":["list","string"],"nfs_subnet_whitelist":["list","string"],"nodes":["list",["object",{"ip":"string","type":"string","version":"string"}]],"ntp_server_ip_list":["list","string"],"operation_mode":"string","owner_reference":["map","string"],"project_reference":["map","string"],"service_list":["list","string"],"smtp_server_address":["map","string"],"smtp_server_credentials":["map","string"],"smtp_server_email_address":"string","smtp_server_proxy_type_list":["list","string"],"smtp_server_type":"string","software_map_ncc":["map","string"],"software_map_nos":["map","string"],"ssl_key_expire_datetime":"string","ssl_key_name":"string","ssl_key_signing_info":["map","string"],"ssl_key_type":"string","state":"string","supported_information_verbosity":"string","timezone":"string"}]],"description_kind":"plain","computed":true},"id":{"type":"string","description_kind":"plain","optional":true,"computed":true}},"description_kind":"plain"}},"nutanix_foundation_central_api_keys":{"version":0,"block":{"attributes":{"alias":{"type":"string","description_kind":"plain","computed":true},"api_key":{"type":"string","description_kind":"plain","computed":true,"sensitive":true},"created_timestamp":{"type":"string","description_kind":"plain","computed":true},"current_time":{"type":"string","description_kind":"plain","computed":true},"id":{"type":"string","description_kind":"plain","optional":true,"computed":true},"key_uuid":{"type":"string","description_kind":"plain","required":true}},"description_kind":"plain"}},"nutanix_foundation_central_cluster_details":{"version":0,"block":{"attributes":{"archived":{"type":"bool","description_kind":"plain","computed":true},"cluster_external_ip":{"type":"string","description_kind":"plain","optional":true,"computed":true},"cluster_name":{"type":"string","description_kind":"plain","optional":true,"computed":true},"cluster_size":{"type":"number","description_kind":"plain","optional":true,"computed":true},"created_timestamp":{"type":"string","description_kind":"plain","computed":true},"current_time":{"type":"string","description_kind":"plain","computed":true},"destroyed":{"type":"bool","description_kind":"plain","computed":true},"foundation_init_config":{"type":["list",["object",{"blocks":["list",["object",{"block_id":"string","nodes":["list",["object",{"cvm_ip":"string","cvm_vlan_id":"number","fc_imaged_node_uuid":"string","hardware_attributes_override":["map","string"],"hypervisor":"string","hypervisor_hostname":"string","hypervisor_ip":"string","image_now":"bool","ipmi_ip":"string","ipv6_address":"string","node_position":"string","node_serial":"string"}]]}]],"clusters":["list",["object",{"cluster_external_ip":"string","cluster_init_now":"bool","cluster_init_successful":"bool","cluster_members":["list","string"],"cluster_name":"string","cvm_dns_servers":"string","cvm_ntp_servers":"string","redundancy_factor":"number","timezone":"string"}]],"cvm_gateway":"string","cvm_netmask":"string","dns_servers":"string","hyperv_product_key":"string","hyperv_sku":"string","hypervisor_gateway":"string","hypervisor_iso_url":["map","string"],"hypervisor_isos":["list",["object",{"hypervisor_type":"string","sha256sum":"string","url":"string"}]],"hypervisor_netmask":"string","ipmi_gateway":"string","ipmi_netmask":"string","nos_package_url":["list",["object",{"sha256sum":"string","url":"string"}]]}]],"description_kind":"plain","computed":true},"foundation_init_node_uuid":{"type":"string","description_kind":"plain","computed":true},"id":{"type":"string","description_kind":"plain","optional":true,"computed":true},"imaged_cluster_uuid":{"type":"string","description_kind":"plain","required":true},"imaged_node_uuid_list":{"type":["list","string"],"description_kind":"plain","computed":true},"redundancy_factor":{"type":"number","description_kind":"plain","optional":true},"storage_node_count":{"type":"number","description_kind":"plain","optional":true,"computed":true},"workflow_type":{"type":"string","description_kind":"plain","computed":true}},"block_types":{"cluster_status":{"nesting_mode":"list","block":{"attributes":{"aggregate_percent_complete":{"type":"number","description_kind":"plain","computed":true},"cluster_creation_started":{"type":"bool","description_kind":"plain","computed":true},"cluster_progress_details":{"type":["list",["object",{"cluster_name":"string","message_list":["list","string"],"percent_complete":"number","status":"string"}]],"description_kind":"plain","computed":true},"current_foundation_ip":{"type":"string","description_kind":"plain","computed":true},"foundation_session_id":{"type":"string","description_kind":"plain","computed":true},"imaging_stopped":{"type":"bool","description_kind":"plain","computed":true},"intent_picked_up":{"type":"bool","description_kind":"plain","computed":true},"node_progress_details":{"type":["list",["object",{"imaged_node_uuid":"string","imaging_stopped":"bool","intent_picked_up":"bool","message_list":["list","string"],"percent_complete":"number","status":"string"}]],"description_kind":"plain","computed":true}},"description_kind":"plain"},"max_items":1},"common_network_settings":{"nesting_mode":"list","block":{"attributes":{"cvm_dns_servers":{"type":["list","string"],"description_kind":"plain","optional":true,"computed":true},"cvm_ntp_servers":{"type":["list","string"],"description_kind":"plain","optional":true,"computed":true},"hypervisor_dns_servers":{"type":["list","string"],"description_kind":"plain","optional":true,"computed":true},"hypervisor_ntp_servers":{"type":["list","string"],"description_kind":"plain","optional":true,"computed":true}},"description_kind":"plain"},"max_items":1}},"description_kind":"plain"}},"nutanix_foundation_central_imaged_clusters_list":{"version":0,"block":{"attributes":{"id":{"type":"string","description_kind":"plain","optional":true,"computed":true},"imaged_clusters":{"type":["list",["object",{"archived":"bool","cluster_external_ip":"string","cluster_name":"string","cluster_size":"number","cluster_status":["list",["object",{"aggregate_percent_complete":"number","cluster_creation_started":"bool","cluster_progress_details":["list",["object",{"cluster_name":"string","message_list":["list","string"],"percent_complete":"number","status":"string"}]],"current_foundation_ip":"string","foundation_session_id":"string","imaging_stopped":"bool","intent_picked_up":"bool","node_progress_details":["list",["object",{"imaged_node_uuid":"string","imaging_stopped":"bool","intent_picked_up":"bool","message_list":["list","string"],"percent_complete":"number","status":"string"}]]}]],"common_network_settings":["list",["object",{"cvm_dns_servers":["list","string"],"cvm_ntp_servers":["list","string"],"hypervisor_dns_servers":["list","string"],"hypervisor_ntp_servers":["list","string"]}]],"created_timestamp":"string","current_time":"string","destroyed":"bool","foundation_init_config":["list",["object",{"blocks":["list",["object",{"block_id":"string","nodes":["list",["object",{"cvm_ip":"string","cvm_vlan_id":"number","fc_imaged_node_uuid":"string","hardware_attributes_override":["map","string"],"hypervisor":"string","hypervisor_hostname":"string","hypervisor_ip":"string","image_now":"bool","ipmi_ip":"string","ipv6_address":"string","node_position":"string","node_serial":"string"}]]}]],"clusters":["list",["object",{"cluster_external_ip":"string","cluster_init_now":"bool","cluster_init_successful":"bool","cluster_members":["list","string"],"cluster_name":"string","cvm_dns_servers":"string","cvm_ntp_servers":"string","redundancy_factor":"number","timezone":"string"}]],"cvm_gateway":"string","cvm_netmask":"string","dns_servers":"string","hyperv_product_key":"string","hyperv_sku":"string","hypervisor_gateway":"string","hypervisor_iso_url":["map","string"],"hypervisor_isos":["list",["object",{"hypervisor_type":"string","sha256sum":"string","url":"string"}]],"hypervisor_netmask":"string","ipmi_gateway":"string","ipmi_netmask":"string","nos_package_url":["list",["object",{"sha256sum":"string","url":"string"}]]}]],"foundation_init_node_uuid":"string","imaged_cluster_uuid":"string","imaged_node_uuid_list":["list","string"],"redundancy_factor":"number","storage_node_count":"number","workflow_type":"string"}]],"description_kind":"plain","computed":true},"length":{"type":"number","description_kind":"plain","optional":true},"metadata":{"type":["list",["object",{"length":"number","offset":"number","total_matches":"number"}]],"description_kind":"plain","computed":true},"offset":{"type":"number","description_kind":"plain","optional":true}},"block_types":{"filters":{"nesting_mode":"list","block":{"attributes":{"archived":{"type":"bool","description_kind":"plain","optional":true}},"description_kind":"plain"},"max_items":1}},"description_kind":"plain"}},"nutanix_foundation_central_imaged_node_details":{"version":0,"block":{"attributes":{"aos_version":{"type":"string","description_kind":"plain","computed":true},"api_key_uuid":{"type":"string","description_kind":"plain","computed":true},"available":{"type":"bool","description_kind":"plain","computed":true},"block_serial":{"type":"string","description_kind":"plain","computed":true},"created_timestamp":{"type":"string","description_kind":"plain","computed":true},"current_time":{"type":"string","description_kind":"plain","computed":true},"cvm_gateway":{"type":"string","description_kind":"plain","computed":true},"cvm_ip":{"type":"string","description_kind":"plain","computed":true},"cvm_ipv6":{"type":"string","description_kind":"plain","computed":true},"cvm_netmask":{"type":"string","description_kind":"plain","computed":true},"cvm_up":{"type":"bool","description_kind":"plain","computed":true},"cvm_uuid":{"type":"string","description_kind":"plain","computed":true},"cvm_vlan_id":{"type":"number","description_kind":"plain","computed":true},"foundation_version":{"type":"string","description_kind":"plain","computed":true},"hardware_attributes":{"type":["map","string"],"description_kind":"plain","computed":true},"hypervisor_gateway":{"type":"string","description_kind":"plain","computed":true},"hypervisor_hostname":{"type":"string","description_kind":"plain","computed":true},"hypervisor_ip":{"type":"string","description_kind":"plain","computed":true},"hypervisor_netmask":{"type":"string","description_kind":"plain","computed":true},"hypervisor_type":{"type":"string","description_kind":"plain","computed":true},"hypervisor_version":{"type":"string","description_kind":"plain","computed":true},"id":{"type":"string","description_kind":"plain","optional":true,"computed":true},"imaged_cluster_uuid":{"type":"string","description_kind":"plain","computed":true},"imaged_node_uuid":{"type":"string","description_kind":"plain","required":true},"ipmi_gateway":{"type":"string","description_kind":"plain","computed":true},"ipmi_ip":{"type":"string","description_kind":"plain","computed":true},"ipmi_netmask":{"type":"string","description_kind":"plain","computed":true},"ipv6_interface":{"type":"string","description_kind":"plain","optional":true,"computed":true},"latest_hb_ts_list":{"type":["list","string"],"description_kind":"plain","computed":true},"model":{"type":"string","description_kind":"plain","computed":true},"node_position":{"type":"string","description_kind":"plain","computed":true},"node_serial":{"type":"string","description_kind":"plain","computed":true},"node_state":{"type":"string","description_kind":"plain","computed":true},"node_type":{"type":"string","description_kind":"plain","computed":true},"object_version":{"type":"number","description_kind":"plain","optional":true,"computed":true}},"description_kind":"plain"}},"nutanix_foundation_central_imaged_nodes_list":{"version":0,"block":{"attributes":{"id":{"type":"string","description_kind":"plain","optional":true,"computed":true},"imaged_nodes":{"type":["list",["object",{"aos_version":"string","api_key_uuid":"string","available":"bool","block_serial":"string","created_timestamp":"string","current_time":"string","cvm_gateway":"string","cvm_ip":"string","cvm_ipv6":"string","cvm_netmask":"string","cvm_up":"bool","cvm_uuid":"string","cvm_vlan_id":"number","foundation_version":"string","hardware_attributes":["map","string"],"hypervisor_gateway":"string","hypervisor_hostname":"string","hypervisor_ip":"string","hypervisor_netmask":"string","hypervisor_type":"string","hypervisor_version":"string","imaged_cluster_uuid":"string","imaged_node_uuid":"string","ipmi_gateway":"string","ipmi_ip":"string","ipmi_netmask":"string","ipv6_interface":"string","latest_hb_ts_list":["list","string"],"model":"string","node_position":"string","node_serial":"string","node_state":"string","node_type":"string","object_version":"number","supported_features":["list","string"]}]],"description_kind":"plain","computed":true},"length":{"type":"number","description_kind":"plain","optional":true},"metadata":{"type":["list",["object",{"length":"number","offset":"number","total_matches":"number"}]],"description_kind":"plain","computed":true},"offset":{"type":"number","description_kind":"plain","optional":true}},"block_types":{"filters":{"nesting_mode":"list","block":{"attributes":{"node_state":{"type":"string","description_kind":"plain","optional":true}},"description_kind":"plain"},"max_items":1}},"description_kind":"plain"}},"nutanix_foundation_central_list_api_keys":{"version":0,"block":{"attributes":{"api_keys":{"type":["list",["object",{"alias":"string","api_key":"string","created_timestamp":"string","current_time":"string","key_uuid":"string"}]],"description_kind":"plain","computed":true},"id":{"type":"string","description_kind":"plain","optional":true,"computed":true},"length":{"type":"number","description_kind":"plain","optional":true},"offset":{"type":"number","description_kind":"plain","optional":true}},"block_types":{"metadata":{"nesting_mode":"list","block":{"attributes":{"length":{"type":"number","description_kind":"plain","computed":true},"offset":{"type":"number","description_kind":"plain","computed":true},"total_matches":{"type":"number","description_kind":"plain","computed":true}},"description_kind":"plain"},"max_items":1}},"description_kind":"plain"}},"nutanix_foundation_discover_nodes":{"version":0,"block":{"attributes":{"entities":{"type":["list",["object",{"block_id":"string","chassis_n":"number","model":"string","nodes":["list",["object",{"cluster_id":"string","configured":"bool","current_cvm_vlan_tag":"string","current_network_interface":"string","foundation_version":"string","hypervisor":"string","hypervisor_version":"string","ipv6_address":"string","model":"string","node_position":"string","node_serial":"string","node_uuid":"string","nos_version":"string","svm_ip":"string"}]]}]],"description_kind":"plain","computed":true},"id":{"type":"string","description_kind":"plain","optional":true,"computed":true}},"description_kind":"plain"}},"nutanix_foundation_hypervisor_isos":{"version":0,"block":{"attributes":{"esx":{"type":["list",["object",{"filename":"string","supported":"bool"}]],"description_kind":"plain","computed":true},"hyperv":{"type":["list",["object",{"filename":"string","supported":"bool"}]],"description_kind":"plain","computed":true},"id":{"type":"string","description_kind":"plain","optional":true,"computed":true},"kvm":{"type":["list",["object",{"filename":"string","supported":"bool"}]],"description_kind":"plain","computed":true},"linux":{"type":["list",["object",{"filename":"string","supported":"bool"}]],"description_kind":"plain","computed":true},"xen":{"type":["list",["object",{"filename":"string","supported":"bool"}]],"description_kind":"plain","computed":true}},"description_kind":"plain"}},"nutanix_foundation_node_network_details":{"version":0,"block":{"attributes":{"id":{"type":"string","description_kind":"plain","optional":true,"computed":true},"ipv6_addresses":{"type":["list","string"],"description_kind":"plain","required":true},"nodes":{"type":["list",["object",{"cvm_gateway":"string","cvm_ip":"string","cvm_netmask":"string","cvm_vlan_id":"string","error":"string","hypervisor_gateway":"string","hypervisor_hostname":"string","hypervisor_ip":"string","hypervisor_netmask":"string","ipmi_gateway":"string","ipmi_ip":"string","ipmi_netmask":"string","ipv6_address":"string","node_serial":"string"}]],"description_kind":"plain","computed":true},"timeout":{"type":"string","description_kind":"plain","optional":true}},"description_kind":"plain"}},"nutanix_foundation_nos_packages":{"version":0,"block":{"attributes":{"entities":{"type":["list","string"],"description_kind":"plain","computed":true},"id":{"type":"string","description_kind":"plain","optional":true,"computed":true}},"description_kind":"plain"}},"nutanix_host":{"version":0,"block":{"attributes":{"api_version":{"type":"string","description_kind":"plain","computed":true},"block":{"type":["map","string"],"description_kind":"plain","computed":true},"cluster_reference":{"type":["map","string"],"description_kind":"plain","computed":true},"controller_vm":{"type":["map","string"],"description_kind":"plain","computed":true},"cpu_capacity_hz":{"type":"number","description_kind":"plain","computed":true},"cpu_model":{"type":"string","description_kind":"plain","computed":true},"failover_cluster":{"type":["map","string"],"description_kind":"plain","computed":true},"gpu_driver_version":{"type":"string","description_kind":"plain","computed":true},"gpu_list":{"type":["list",["object",{"assignable":"bool","consumer_reference":["map","string"],"device_id":"number","fraction":"number","frame_buffer_size_mib":"number","guest_driver_version":"string","index":"number","license_list":["list","string"],"max_resolution":"string","mode":"string","name":"string","num_vgpus_allocated":"number","num_virtual_display_heads":"number","numa_node":"number","pci_address":"string","status":"string","uuid":"string","vendor":"string"}]],"description_kind":"plain","computed":true},"host_disks_reference_list":{"type":["list",["object",{"kind":"string","name":"string","uuid":"string"}]],"description_kind":"plain","computed":true},"host_id":{"type":"string","description_kind":"plain","required":true},"host_nics_id_list":{"type":["list","string"],"description_kind":"plain","computed":true},"host_type":{"type":"string","description_kind":"plain","computed":true},"hypervisor":{"type":["map","string"],"description_kind":"plain","computed":true},"id":{"type":"string","description_kind":"plain","optional":true,"computed":true},"ipmi":{"type":["map","string"],"description_kind":"plain","computed":true},"memory_capacity_mib":{"type":"number","description_kind":"plain","computed":true},"metadata":{"type":["map","string"],"description_kind":"plain","computed":true},"monitoring_state":{"type":"string","description_kind":"plain","computed":true},"name":{"type":"string","description_kind":"plain","computed":true},"num_cpu_cores":{"type":"number","description_kind":"plain","computed":true},"num_cpu_sockets":{"type":"number","description_kind":"plain","computed":true},"owner_reference":{"type":["map","string"],"description_kind":"plain","computed":true},"project_reference":{"type":["map","string"],"description_kind":"plain","computed":true},"rackable_unit_reference":{"type":["map","string"],"description_kind":"plain","computed":true},"serial_number":{"type":"string","description_kind":"plain","computed":true},"windows_domain":{"type":["map","string"],"description_kind":"plain","computed":true}},"block_types":{"categories":{"nesting_mode":"set","block":{"attributes":{"name":{"type":"string","description_kind":"plain","optional":true,"computed":true},"value":{"type":"string","description_kind":"plain","optional":true,"computed":true}},"description_kind":"plain"}}},"description_kind":"plain"}},"nutanix_hosts":{"version":0,"block":{"attributes":{"api_version":{"type":"string","description_kind":"plain","computed":true},"entities":{"type":["list",["object",{"api_version":"string","block":["map","string"],"categories":["set",["object",{"name":"string","value":"string"}]],"cluster_reference":["map","string"],"controller_vm":["map","string"],"cpu_capacity_hz":"number","cpu_model":"string","failover_cluster":["map","string"],"gpu_driver_version":"string","gpu_list":["list",["object",{"assignable":"bool","consumer_reference":["map","string"],"device_id":"number","fraction":"number","frame_buffer_size_mib":"number","guest_driver_version":"string","index":"number","license_list":["list","string"],"max_resolution":"string","mode":"string","name":"string","num_vgpus_allocated":"number","num_virtual_display_heads":"number","numa_node":"number","pci_address":"string","status":"string","uuid":"string","vendor":"string"}]],"host_disks_reference_list":["list",["object",{"kind":"string","name":"string","uuid":"string"}]],"host_nics_id_list":["list","string"],"host_type":"string","hypervisor":["map","string"],"ipmi":["map","string"],"memory_capacity_mib":"number","metadata":["map","string"],"monitoring_state":"string","name":"string","num_cpu_cores":"number","num_cpu_sockets":"number","owner_reference":["map","string"],"project_reference":["map","string"],"rackable_unit_reference":["map","string"],"serial_number":"string","windows_domain":["map","string"]}]],"description_kind":"plain","computed":true},"id":{"type":"string","description_kind":"plain","optional":true,"computed":true}},"description_kind":"plain"}},"nutanix_image":{"version":1,"block":{"attributes":{"api_version":{"type":"string","description_kind":"plain","computed":true},"architecture":{"type":"string","description_kind":"plain","computed":true},"availability_zone_reference":{"type":["map","string"],"description_kind":"plain","computed":true},"checksum":{"type":["map","string"],"description_kind":"plain","computed":true},"cluster_name":{"type":"string","description_kind":"plain","computed":true},"cluster_references":{"type":["list",["object",{"kind":"string","name":"string","uuid":"string"}]],"description_kind":"plain","computed":true},"cluster_uuid":{"type":"string","description_kind":"plain","computed":true},"current_cluster_reference_list":{"type":["list",["object",{"kind":"string","name":"string","uuid":"string"}]],"description_kind":"plain","computed":true},"description":{"type":"string","description_kind":"plain","computed":true},"id":{"type":"string","description_kind":"plain","optional":true,"computed":true},"image_id":{"type":"string","description_kind":"plain","optional":true},"image_name":{"type":"string","description_kind":"plain","optional":true},"image_type":{"type":"string","description_kind":"plain","computed":true},"metadata":{"type":["map","string"],"description_kind":"plain","computed":true},"name":{"type":"string","description_kind":"plain","computed":true},"owner_reference":{"type":["map","string"],"description_kind":"plain","computed":true},"project_reference":{"type":["map","string"],"description_kind":"plain","computed":true},"retrieval_uri_list":{"type":["list","string"],"description_kind":"plain","computed":true},"size_bytes":{"type":"number","description_kind":"plain","computed":true},"source_uri":{"type":"string","description_kind":"plain","computed":true},"state":{"type":"string","description_kind":"plain","computed":true},"version":{"type":["map","string"],"description_kind":"plain","computed":true}},"block_types":{"categories":{"nesting_mode":"set","block":{"attributes":{"name":{"type":"string","description_kind":"plain","optional":true,"computed":true},"value":{"type":"string","description_kind":"plain","optional":true,"computed":true}},"description_kind":"plain"}}},"description_kind":"plain"}},"nutanix_karbon_cluster":{"version":1,"block":{"attributes":{"deployment_type":{"type":"string","description_kind":"plain","computed":true},"etcd_node_pool":{"type":["list",["object",{"ahv_config":["list",["object",{"cpu":"number","disk_mib":"number","memory_mib":"number","network_uuid":"string","prism_element_cluster_uuid":"string"}]],"name":"string","node_os_version":"string","nodes":["list",["object",{"hostname":"string","ipv4_address":"string"}]],"num_instances":"number"}]],"description_kind":"plain","computed":true},"id":{"type":"string","description_kind":"plain","optional":true,"computed":true},"karbon_cluster_id":{"type":"string","description_kind":"plain","optional":true},"karbon_cluster_name":{"type":"string","description_kind":"plain","optional":true},"kubeapi_server_ipv4_address":{"type":"string","description_kind":"plain","computed":true},"master_node_pool":{"type":["list",["object",{"ahv_config":["list",["object",{"cpu":"number","disk_mib":"number","memory_mib":"number","network_uuid":"string","prism_element_cluster_uuid":"string"}]],"name":"string","node_os_version":"string","nodes":["list",["object",{"hostname":"string","ipv4_address":"string"}]],"num_instances":"number"}]],"description_kind":"plain","computed":true},"name":{"type":"string","description_kind":"plain","computed":true},"status":{"type":"string","description_kind":"plain","computed":true},"uuid":{"type":"string","description_kind":"plain","computed":true},"version":{"type":"string","description_kind":"plain","computed":true},"worker_node_pool":{"type":["list",["object",{"ahv_config":["list",["object",{"cpu":"number","disk_mib":"number","memory_mib":"number","network_uuid":"string","prism_element_cluster_uuid":"string"}]],"name":"string","node_os_version":"string","nodes":["list",["object",{"hostname":"string","ipv4_address":"string"}]],"num_instances":"number"}]],"description_kind":"plain","computed":true}},"description_kind":"plain"}},"nutanix_karbon_cluster_kubeconfig":{"version":0,"block":{"attributes":{"access_token":{"type":"string","description_kind":"plain","computed":true,"sensitive":true},"cluster_ca_certificate":{"type":"string","description_kind":"plain","computed":true},"cluster_url":{"type":"string","description_kind":"plain","computed":true},"id":{"type":"string","description_kind":"plain","optional":true,"computed":true},"karbon_cluster_id":{"type":"string","description_kind":"plain","optional":true},"karbon_cluster_name":{"type":"string","description_kind":"plain","optional":true},"name":{"type":"string","description_kind":"plain","computed":true}},"description_kind":"plain"}},"nutanix_karbon_cluster_ssh":{"version":0,"block":{"attributes":{"certificate":{"type":"string","description_kind":"plain","computed":true},"expiry_time":{"type":"string","description_kind":"plain","computed":true},"id":{"type":"string","description_kind":"plain","optional":true,"computed":true},"karbon_cluster_id":{"type":"string","description_kind":"plain","optional":true},"karbon_cluster_name":{"type":"string","description_kind":"plain","optional":true},"private_key":{"type":"string","description_kind":"plain","computed":true},"username":{"type":"string","description_kind":"plain","computed":true}},"description_kind":"plain"}},"nutanix_karbon_clusters":{"version":0,"block":{"attributes":{"clusters":{"type":["list",["object",{"deployment_type":"string","etcd_node_pool":["list",["object",{"ahv_config":["list",["object",{"cpu":"number","disk_mib":"number","memory_mib":"number","network_uuid":"string","prism_element_cluster_uuid":"string"}]],"name":"string","node_os_version":"string","nodes":["list",["object",{"hostname":"string","ipv4_address":"string"}]],"num_instances":"number"}]],"kubeapi_server_ipv4_address":"string","master_node_pool":["list",["object",{"ahv_config":["list",["object",{"cpu":"number","disk_mib":"number","memory_mib":"number","network_uuid":"string","prism_element_cluster_uuid":"string"}]],"name":"string","node_os_version":"string","nodes":["list",["object",{"hostname":"string","ipv4_address":"string"}]],"num_instances":"number"}]],"name":"string","status":"string","uuid":"string","version":"string","worker_node_pool":["list",["object",{"ahv_config":["list",["object",{"cpu":"number","disk_mib":"number","memory_mib":"number","network_uuid":"string","prism_element_cluster_uuid":"string"}]],"name":"string","node_os_version":"string","nodes":["list",["object",{"hostname":"string","ipv4_address":"string"}]],"num_instances":"number"}]]}]],"description_kind":"plain","computed":true},"id":{"type":"string","description_kind":"plain","optional":true,"computed":true}},"description_kind":"plain"}},"nutanix_karbon_private_registries":{"version":0,"block":{"attributes":{"id":{"type":"string","description_kind":"plain","optional":true,"computed":true},"private_registries":{"type":["list",["object",{"endpoint":"string","name":"string","uuid":"string"}]],"description_kind":"plain","computed":true}},"description_kind":"plain"}},"nutanix_karbon_private_registry":{"version":1,"block":{"attributes":{"endpoint":{"type":"string","description_kind":"plain","computed":true},"id":{"type":"string","description_kind":"plain","optional":true,"computed":true},"name":{"type":"string","description_kind":"plain","computed":true},"private_registry_id":{"type":"string","description_kind":"plain","optional":true},"private_registry_name":{"type":"string","description_kind":"plain","optional":true},"uuid":{"type":"string","description_kind":"plain","computed":true}},"description_kind":"plain"}},"nutanix_network_security_rule":{"version":1,"block":{"attributes":{"ad_rule_action":{"type":"string","description_kind":"plain","computed":true},"ad_rule_inbound_allow_list":{"type":["list",["object",{"address_group_inclusion_list":["list",["object",{"kind":"string","name":"string","uuid":"string"}]],"expiration_time":"string","filter_kind_list":["list","string"],"filter_params":["set",["object",{"name":"string","values":["list","string"]}]],"filter_type":"string","icmp_type_code_list":["list",["object",{"code":"string","type":"string"}]],"ip_subnet":"string","ip_subnet_prefix_length":"string","network_function_chain_reference":["map","string"],"peer_specification_type":"string","protocol":"string","service_group_list":["list",["object",{"kind":"string","name":"string","uuid":"string"}]],"tcp_port_range_list":["list",["object",{"end_port":"number","start_port":"number"}]],"udp_port_range_list":["list",["object",{"end_port":"number","start_port":"number"}]]}]],"description_kind":"plain","computed":true},"ad_rule_outbound_allow_list":{"type":["list",["object",{"address_group_inclusion_list":["list",["object",{"kind":"string","name":"string","uuid":"string"}]],"expiration_time":"string","filter_kind_list":["list","string"],"filter_params":["set",["object",{"name":"string","values":["list","string"]}]],"filter_type":"string","icmp_type_code_list":["list",["object",{"code":"string","type":"string"}]],"ip_subnet":"string","ip_subnet_prefix_length":"string","network_function_chain_reference":["map","string"],"peer_specification_type":"string","protocol":"string","service_group_list":["list",["object",{"kind":"string","name":"string","uuid":"string"}]],"tcp_port_range_list":["list",["object",{"end_port":"number","start_port":"number"}]],"udp_port_range_list":["list",["object",{"end_port":"number","start_port":"number"}]]}]],"description_kind":"plain","computed":true},"ad_rule_target_group_default_internal_policy":{"type":"string","description_kind":"plain","computed":true},"ad_rule_target_group_filter_kind_list":{"type":["list","string"],"description_kind":"plain","computed":true},"ad_rule_target_group_filter_params":{"type":["set",["object",{"name":"string","values":["list","string"]}]],"description_kind":"plain","computed":true},"ad_rule_target_group_filter_type":{"type":"string","description_kind":"plain","computed":true},"ad_rule_target_group_peer_specification_type":{"type":"string","description_kind":"plain","computed":true},"allow_ipv6_traffic":{"type":"bool","description_kind":"plain","computed":true},"api_version":{"type":"string","description_kind":"plain","computed":true},"app_rule_action":{"type":"string","description_kind":"plain","computed":true},"app_rule_inbound_allow_list":{"type":["list",["object",{"address_group_inclusion_list":["list",["object",{"kind":"string","name":"string","uuid":"string"}]],"expiration_time":"string","filter_kind_list":["list","string"],"filter_params":["set",["object",{"name":"string","values":["list","string"]}]],"filter_type":"string","icmp_type_code_list":["list",["object",{"code":"string","type":"string"}]],"ip_subnet":"string","ip_subnet_prefix_length":"string","network_function_chain_reference":["map","string"],"peer_specification_type":"string","protocol":"string","service_group_list":["list",["object",{"kind":"string","name":"string","uuid":"string"}]],"tcp_port_range_list":["list",["object",{"end_port":"number","start_port":"number"}]],"udp_port_range_list":["list",["object",{"end_port":"number","start_port":"number"}]]}]],"description_kind":"plain","computed":true},"app_rule_outbound_allow_list":{"type":["list",["object",{"expiration_time":"string","filter_kind_list":["list","string"],"filter_params":["set",["object",{"name":"string","values":["list","string"]}]],"filter_type":"string","icmp_type_code_list":["list",["object",{"code":"string","type":"string"}]],"ip_subnet":"string","ip_subnet_prefix_length":"string","network_function_chain_reference":["map","string"],"peer_specification_type":"string","protocol":"string","tcp_port_range_list":["list",["object",{"end_port":"number","start_port":"number"}]],"udp_port_range_list":["list",["object",{"end_port":"number","start_port":"number"}]]}]],"description_kind":"plain","computed":true},"app_rule_target_group_default_internal_policy":{"type":"string","description_kind":"plain","computed":true},"app_rule_target_group_filter_kind_list":{"type":["list","string"],"description_kind":"plain","computed":true},"app_rule_target_group_filter_params":{"type":["set",["object",{"name":"string","values":["list","string"]}]],"description_kind":"plain","computed":true},"app_rule_target_group_filter_type":{"type":"string","description_kind":"plain","computed":true},"app_rule_target_group_peer_specification_type":{"type":"string","description_kind":"plain","computed":true},"description":{"type":"string","description_kind":"plain","computed":true},"id":{"type":"string","description_kind":"plain","optional":true,"computed":true},"is_policy_hitlog_enabled":{"type":"bool","description_kind":"plain","computed":true},"isolation_rule_action":{"type":"string","description_kind":"plain","computed":true},"isolation_rule_first_entity_filter_kind_list":{"type":["list","string"],"description_kind":"plain","computed":true},"isolation_rule_first_entity_filter_params":{"type":["set",["object",{"name":"string","values":["list","string"]}]],"description_kind":"plain","computed":true},"isolation_rule_first_entity_filter_type":{"type":"string","description_kind":"plain","computed":true},"isolation_rule_second_entity_filter_kind_list":{"type":["list","string"],"description_kind":"plain","computed":true},"isolation_rule_second_entity_filter_params":{"type":["set",["object",{"name":"string","values":["list","string"]}]],"description_kind":"plain","computed":true},"isolation_rule_second_entity_filter_type":{"type":"string","description_kind":"plain","computed":true},"metadata":{"type":["map","string"],"description_kind":"plain","computed":true},"name":{"type":"string","description_kind":"plain","computed":true},"network_security_rule_id":{"type":"string","description_kind":"plain","required":true},"owner_reference":{"type":["map","string"],"description_kind":"plain","computed":true},"project_reference":{"type":["map","string"],"description_kind":"plain","computed":true},"quarantine_rule_action":{"type":"string","description_kind":"plain","computed":true},"quarantine_rule_inbound_allow_list":{"type":["list",["object",{"expiration_time":"string","filter_kind_list":["list","string"],"filter_params":["set",["object",{"name":"string","values":["list","string"]}]],"filter_type":"string","icmp_type_code_list":["list",["object",{"code":"string","type":"string"}]],"ip_subnet":"string","ip_subnet_prefix_length":"string","network_function_chain_reference":["map","string"],"peer_specification_type":"string","protocol":"string","tcp_port_range_list":["list",["object",{"end_port":"number","start_port":"number"}]],"udp_port_range_list":["list",["object",{"end_port":"number","start_port":"number"}]]}]],"description_kind":"plain","computed":true},"quarantine_rule_outbound_allow_list":{"type":["list",["object",{"address_group_inclusion_list":["list",["object",{"kind":"string","name":"string","uuid":"string"}]],"expiration_time":"string","filter_kind_list":["list","string"],"filter_params":["set",["object",{"name":"string","values":["list","string"]}]],"filter_type":"string","icmp_type_code_list":["list",["object",{"code":"string","type":"string"}]],"ip_subnet":"string","ip_subnet_prefix_length":"string","network_function_chain_reference":["map","string"],"peer_specification_type":"string","protocol":"string","service_group_list":["list",["object",{"kind":"string","name":"string","uuid":"string"}]],"tcp_port_range_list":["list",["object",{"end_port":"number","start_port":"number"}]],"udp_port_range_list":["list",["object",{"end_port":"number","start_port":"number"}]]}]],"description_kind":"plain","computed":true},"quarantine_rule_target_group_default_internal_policy":{"type":"string","description_kind":"plain","computed":true},"quarantine_rule_target_group_filter_kind_list":{"type":["list","string"],"description_kind":"plain","computed":true},"quarantine_rule_target_group_filter_params":{"type":["list",["object",{"name":"string","values":["list","string"]}]],"description_kind":"plain","computed":true},"quarantine_rule_target_group_filter_type":{"type":"string","description_kind":"plain","computed":true},"quarantine_rule_target_group_peer_specification_type":{"type":"string","description_kind":"plain","computed":true}},"block_types":{"categories":{"nesting_mode":"set","block":{"attributes":{"name":{"type":"string","description_kind":"plain","optional":true,"computed":true},"value":{"type":"string","description_kind":"plain","optional":true,"computed":true}},"description_kind":"plain"}}},"description_kind":"plain"}},"nutanix_permission":{"version":0,"block":{"attributes":{"api_version":{"type":"string","description_kind":"plain","computed":true},"description":{"type":"string","description_kind":"plain","computed":true},"fields":{"type":["list",["object",{"field_mode":"string","field_name_list":["list","string"]}]],"description_kind":"plain","computed":true},"id":{"type":"string","description_kind":"plain","optional":true,"computed":true},"kind":{"type":"string","description_kind":"plain","computed":true},"metadata":{"type":["map","string"],"description_kind":"plain","computed":true},"name":{"type":"string","description_kind":"plain","computed":true},"operation":{"type":"string","description_kind":"plain","computed":true},"owner_reference":{"type":["map","string"],"description_kind":"plain","computed":true},"permission_id":{"type":"string","description_kind":"plain","optional":true},"permission_name":{"type":"string","description_kind":"plain","optional":true},"project_reference":{"type":["map","string"],"description_kind":"plain","computed":true},"state":{"type":"string","description_kind":"plain","computed":true}},"block_types":{"categories":{"nesting_mode":"set","block":{"attributes":{"name":{"type":"string","description_kind":"plain","optional":true,"computed":true},"value":{"type":"string","description_kind":"plain","optional":true,"computed":true}},"description_kind":"plain"}}},"description_kind":"plain"}},"nutanix_permissions":{"version":0,"block":{"attributes":{"api_version":{"type":"string","description_kind":"plain","computed":true},"entities":{"type":["list",["object",{"api_version":"string","categories":["set",["object",{"name":"string","value":"string"}]],"description":"string","fields":["list",["object",{"field_mode":"string","field_name_list":["list","string"]}]],"kind":"string","metadata":["map","string"],"name":"string","operation":"string","owner_reference":["map","string"],"project_reference":["map","string"],"state":"string"}]],"description_kind":"plain","computed":true},"id":{"type":"string","description_kind":"plain","optional":true,"computed":true}},"block_types":{"metadata":{"nesting_mode":"set","block":{"attributes":{"filter":{"type":"string","description_kind":"plain","optional":true,"computed":true},"kind":{"type":"string","description_kind":"plain","optional":true,"computed":true},"length":{"type":"number","description_kind":"plain","optional":true,"computed":true},"offset":{"type":"number","description_kind":"plain","optional":true,"computed":true},"sort_attribute":{"type":"string","description_kind":"plain","optional":true,"computed":true},"sort_order":{"type":"string","description_kind":"plain","optional":true,"computed":true}},"description_kind":"plain"}}},"description_kind":"plain"}},"nutanix_project":{"version":0,"block":{"attributes":{"account_reference_list":{"type":["list",["object",{"kind":"string","name":"string","uuid":"string"}]],"description_kind":"plain","computed":true},"api_version":{"type":"string","description_kind":"plain","computed":true},"default_subnet_reference":{"type":["map","string"],"description_kind":"plain","computed":true},"description":{"type":"string","description_kind":"plain","computed":true},"environment_reference_list":{"type":["list",["object",{"kind":"string","name":"string","uuid":"string"}]],"description_kind":"plain","computed":true},"external_network_list":{"type":["list",["object",{"name":"string","uuid":"string"}]],"description_kind":"plain","computed":true},"id":{"type":"string","description_kind":"plain","optional":true,"computed":true},"is_default":{"type":"bool","description_kind":"plain","computed":true},"metadata":{"type":["map","string"],"description_kind":"plain","computed":true},"name":{"type":"string","description_kind":"plain","computed":true},"owner_reference":{"type":["map","string"],"description_kind":"plain","computed":true},"project_id":{"type":"string","description_kind":"plain","optional":true},"project_name":{"type":"string","description_kind":"plain","optional":true},"project_reference":{"type":["map","string"],"description_kind":"plain","computed":true},"resource_domain":{"type":["list",["object",{"resources":["list",["object",{"limit":"number","resource_type":"string","units":"string","value":"number"}]]}]],"description_kind":"plain","computed":true},"state":{"type":"string","description_kind":"plain","computed":true}},"block_types":{"categories":{"nesting_mode":"set","block":{"attributes":{"name":{"type":"string","description_kind":"plain","optional":true,"computed":true},"value":{"type":"string","description_kind":"plain","optional":true,"computed":true}},"description_kind":"plain"}},"external_user_group_reference_list":{"nesting_mode":"list","block":{"attributes":{"kind":{"type":"string","description_kind":"plain","computed":true},"name":{"type":"string","description_kind":"plain","computed":true},"uuid":{"type":"string","description_kind":"plain","computed":true}},"description_kind":"plain"}},"subnet_reference_list":{"nesting_mode":"list","block":{"attributes":{"kind":{"type":"string","description_kind":"plain","computed":true},"name":{"type":"string","description_kind":"plain","computed":true},"uuid":{"type":"string","description_kind":"plain","computed":true}},"description_kind":"plain"}},"user_reference_list":{"nesting_mode":"list","block":{"attributes":{"kind":{"type":"string","description_kind":"plain","computed":true},"name":{"type":"string","description_kind":"plain","computed":true},"uuid":{"type":"string","description_kind":"plain","computed":true}},"description_kind":"plain"}}},"description_kind":"plain"}},"nutanix_projects":{"version":0,"block":{"attributes":{"api_version":{"type":"string","description_kind":"plain","computed":true},"entities":{"type":["list",["object",{"account_reference_list":["list",["object",{"kind":"string","name":"string","uuid":"string"}]],"api_version":"string","categories":["set",["object",{"name":"string","value":"string"}]],"default_subnet_reference":["map","string"],"description":"string","environment_reference_list":["list",["object",{"kind":"string","name":"string","uuid":"string"}]],"external_network_list":["list",["object",{"name":"string","uuid":"string"}]],"external_user_group_reference_list":["list",["object",{"kind":"string","name":"string","uuid":"string"}]],"is_default":"bool","metadata":["map","string"],"name":"string","owner_reference":["map","string"],"project_reference":["map","string"],"resource_domain":["list",["object",{"resources":["list",["object",{"limit":"number","resource_type":"string","units":"string","value":"number"}]]}]],"state":"string","subnet_reference_list":["list",["object",{"kind":"string","name":"string","uuid":"string"}]],"user_reference_list":["list",["object",{"kind":"string","name":"string","uuid":"string"}]]}]],"description_kind":"plain","computed":true},"id":{"type":"string","description_kind":"plain","optional":true,"computed":true}},"description_kind":"plain"}},"nutanix_protection_rule":{"version":1,"block":{"attributes":{"api_version":{"type":"string","description_kind":"plain","computed":true},"availability_zone_connectivity_list":{"type":["list",["object",{"destination_availability_zone_index":"number","snapshot_schedule_list":["list",["object",{"auto_suspend_timeout_secs":"number","local_snapshot_retention_policy":["list",["object",{"num_snapshots":"number","rollup_retention_policy_multiple":"number","rollup_retention_policy_snapshot_interval_type":"string"}]],"recovery_point_objective_secs":"number","remote_snapshot_retention_policy":["list",["object",{"num_snapshots":"number","rollup_retention_policy_multiple":"number","rollup_retention_policy_snapshot_interval_type":"string"}]],"snapshot_type":"string"}]],"source_availability_zone_index":"number"}]],"description_kind":"plain","computed":true},"category_filter":{"type":["list",["object",{"kind_list":["list","string"],"params":["set",["object",{"name":"string","values":["list","string"]}]],"type":"string"}]],"description_kind":"plain","computed":true},"description":{"type":"string","description_kind":"plain","computed":true},"id":{"type":"string","description_kind":"plain","optional":true,"computed":true},"metadata":{"type":["map","string"],"description_kind":"plain","computed":true},"name":{"type":"string","description_kind":"plain","computed":true},"ordered_availability_zone_list":{"type":["list",["object",{"availability_zone_url":"string","cluster_uuid":"string"}]],"description_kind":"plain","computed":true},"owner_reference":{"type":["list",["object",{"kind":"string","name":"string","uuid":"string"}]],"description_kind":"plain","computed":true},"project_reference":{"type":["list",["object",{"kind":"string","name":"string","uuid":"string"}]],"description_kind":"plain","computed":true},"protection_rule_id":{"type":"string","description_kind":"plain","optional":true},"protection_rule_name":{"type":"string","description_kind":"plain","optional":true},"start_time":{"type":"string","description_kind":"plain","computed":true},"state":{"type":"string","description_kind":"plain","computed":true}},"block_types":{"categories":{"nesting_mode":"set","block":{"attributes":{"name":{"type":"string","description_kind":"plain","optional":true,"computed":true},"value":{"type":"string","description_kind":"plain","optional":true,"computed":true}},"description_kind":"plain"}}},"description_kind":"plain"}},"nutanix_protection_rules":{"version":0,"block":{"attributes":{"api_version":{"type":"string","description_kind":"plain","computed":true},"entities":{"type":["list",["object",{"api_version":"string","availability_zone_connectivity_list":["list",["object",{"destination_availability_zone_index":"number","snapshot_schedule_list":["list",["object",{"auto_suspend_timeout_secs":"number","local_snapshot_retention_policy":["list",["object",{"num_snapshots":"number","rollup_retention_policy_multiple":"number","rollup_retention_policy_snapshot_interval_type":"string"}]],"recovery_point_objective_secs":"number","remote_snapshot_retention_policy":["list",["object",{"num_snapshots":"number","rollup_retention_policy_multiple":"number","rollup_retention_policy_snapshot_interval_type":"string"}]],"snapshot_type":"string"}]],"source_availability_zone_index":"number"}]],"categories":["set",["object",{"name":"string","value":"string"}]],"category_filter":["list",["object",{"kind_list":["list","string"],"params":["set",["object",{"name":"string","values":["list","string"]}]],"type":"string"}]],"description":"string","metadata":["map","string"],"name":"string","ordered_availability_zone_list":["list",["object",{"availability_zone_url":"string","cluster_uuid":"string"}]],"owner_reference":["list",["object",{"kind":"string","name":"string","uuid":"string"}]],"project_reference":["list",["object",{"kind":"string","name":"string","uuid":"string"}]],"start_time":"string","state":"string"}]],"description_kind":"plain","computed":true},"id":{"type":"string","description_kind":"plain","optional":true,"computed":true}},"description_kind":"plain"}},"nutanix_recovery_plan":{"version":1,"block":{"attributes":{"api_version":{"type":"string","description_kind":"plain","computed":true},"description":{"type":"string","description_kind":"plain","computed":true},"id":{"type":"string","description_kind":"plain","optional":true,"computed":true},"metadata":{"type":["map","string"],"description_kind":"plain","computed":true},"name":{"type":"string","description_kind":"plain","computed":true},"owner_reference":{"type":["list",["object",{"kind":"string","name":"string","uuid":"string"}]],"description_kind":"plain","computed":true},"parameters":{"type":["list",["object",{"floating_ip_assignment_list":["list",["object",{"availability_zone_url":"string","vm_ip_assignment_list":["list",["object",{"recovery_floating_ip_config":["list",["object",{"ip":"string","should_allocate_dynamically":"bool"}]],"test_floating_ip_config":["list",["object",{"ip":"string","should_allocate_dynamically":"bool"}]],"vm_nic_information":["list",["object",{"ip":"string","uuid":"string"}]],"vm_reference":["list",["object",{"kind":"string","name":"string","uuid":"string"}]]}]]}]],"network_mapping_list":["list",["object",{"are_networks_stretched":"bool","availability_zone_network_mapping_list":["list",["object",{"availability_zone_url":"string","cluster_reference_list":["list",["object",{"kind":"string","name":"string","uuid":"string"}]],"recovery_ip_assignment_list":["list",["object",{"ip_config_list":["list",["object",{"ip_address":"string"}]],"vm_reference":["list",["object",{"kind":"string","name":"string","uuid":"string"}]]}]],"recovery_network":["list",["object",{"name":"string","subnet_list":["list",["object",{"external_connectivity_state":"string","gateway_ip":"string","prefix_length":"number"}]],"use_vpc_reference":"bool","virtual_network_reference":["list",["object",{"kind":"string","name":"string","uuid":"string"}]],"vpc_reference":["list",["object",{"kind":"string","name":"string","uuid":"string"}]]}]],"test_ip_assignment_list":["list",["object",{"ip_config_list":["list",["object",{"ip_address":"string"}]],"vm_reference":["list",["object",{"kind":"string","name":"string","uuid":"string"}]]}]],"test_network":["list",["object",{"name":"string","subnet_list":["list",["object",{"external_connectivity_state":"string","gateway_ip":"string","prefix_length":"number"}]],"use_vpc_reference":"bool","virtual_network_reference":["list",["object",{"kind":"string","name":"string","uuid":"string"}]],"vpc_reference":["list",["object",{"kind":"string","name":"string","uuid":"string"}]]}]]}]]}]]}]],"description_kind":"plain","computed":true},"project_reference":{"type":["list",["object",{"kind":"string","name":"string","uuid":"string"}]],"description_kind":"plain","computed":true},"recovery_plan_id":{"type":"string","description_kind":"plain","optional":true},"recovery_plan_name":{"type":"string","description_kind":"plain","optional":true},"stage_list":{"type":["list",["object",{"delay_time_secs":"number","stage_uuid":"string","stage_work":["list",["object",{"recover_entities":["list",["object",{"entity_info_list":["list",["object",{"any_entity_reference_kind":"string","any_entity_reference_name":"string","any_entity_reference_uuid":"string","categories":["set",["object",{"name":"string","value":"string"}]],"script_list":["list",["object",{"enable_script_exec":"bool","timeout":"string"}]]}]]}]]}]]}]],"description_kind":"plain","computed":true},"state":{"type":"string","description_kind":"plain","computed":true}},"block_types":{"categories":{"nesting_mode":"set","block":{"attributes":{"name":{"type":"string","description_kind":"plain","optional":true,"computed":true},"value":{"type":"string","description_kind":"plain","optional":true,"computed":true}},"description_kind":"plain"}}},"description_kind":"plain"}},"nutanix_recovery_plans":{"version":0,"block":{"attributes":{"api_version":{"type":"string","description_kind":"plain","computed":true},"entities":{"type":["list",["object",{"api_version":"string","categories":["set",["object",{"name":"string","value":"string"}]],"description":"string","metadata":["map","string"],"name":"string","owner_reference":["list",["object",{"kind":"string","name":"string","uuid":"string"}]],"parameters":["list",["object",{"floating_ip_assignment_list":["list",["object",{"availability_zone_url":"string","vm_ip_assignment_list":["list",["object",{"recovery_floating_ip_config":["list",["object",{"ip":"string","should_allocate_dynamically":"bool"}]],"test_floating_ip_config":["list",["object",{"ip":"string","should_allocate_dynamically":"bool"}]],"vm_nic_information":["list",["object",{"ip":"string","uuid":"string"}]],"vm_reference":["list",["object",{"kind":"string","name":"string","uuid":"string"}]]}]]}]],"network_mapping_list":["list",["object",{"are_networks_stretched":"bool","availability_zone_network_mapping_list":["list",["object",{"availability_zone_url":"string","cluster_reference_list":["list",["object",{"kind":"string","name":"string","uuid":"string"}]],"recovery_ip_assignment_list":["list",["object",{"ip_config_list":["list",["object",{"ip_address":"string"}]],"vm_reference":["list",["object",{"kind":"string","name":"string","uuid":"string"}]]}]],"recovery_network":["list",["object",{"name":"string","subnet_list":["list",["object",{"external_connectivity_state":"string","gateway_ip":"string","prefix_length":"number"}]],"use_vpc_reference":"bool","virtual_network_reference":["list",["object",{"kind":"string","name":"string","uuid":"string"}]],"vpc_reference":["list",["object",{"kind":"string","name":"string","uuid":"string"}]]}]],"test_ip_assignment_list":["list",["object",{"ip_config_list":["list",["object",{"ip_address":"string"}]],"vm_reference":["list",["object",{"kind":"string","name":"string","uuid":"string"}]]}]],"test_network":["list",["object",{"name":"string","subnet_list":["list",["object",{"external_connectivity_state":"string","gateway_ip":"string","prefix_length":"number"}]],"use_vpc_reference":"bool","virtual_network_reference":["list",["object",{"kind":"string","name":"string","uuid":"string"}]],"vpc_reference":["list",["object",{"kind":"string","name":"string","uuid":"string"}]]}]]}]]}]]}]],"project_reference":["list",["object",{"kind":"string","name":"string","uuid":"string"}]],"stage_list":["list",["object",{"delay_time_secs":"number","stage_uuid":"string","stage_work":["list",["object",{"recover_entities":["list",["object",{"entity_info_list":["list",["object",{"any_entity_reference_kind":"string","any_entity_reference_name":"string","any_entity_reference_uuid":"string","categories":["set",["object",{"name":"string","value":"string"}]],"script_list":["list",["object",{"enable_script_exec":"bool","timeout":"string"}]]}]]}]]}]]}]],"state":"string"}]],"description_kind":"plain","computed":true},"id":{"type":"string","description_kind":"plain","optional":true,"computed":true}},"description_kind":"plain"}},"nutanix_role":{"version":0,"block":{"attributes":{"api_version":{"type":"string","description_kind":"plain","computed":true},"description":{"type":"string","description_kind":"plain","computed":true},"id":{"type":"string","description_kind":"plain","optional":true,"computed":true},"metadata":{"type":["map","string"],"description_kind":"plain","computed":true},"name":{"type":"string","description_kind":"plain","computed":true},"owner_reference":{"type":["map","string"],"description_kind":"plain","computed":true},"permission_reference_list":{"type":["set",["object",{"kind":"string","name":"string","uuid":"string"}]],"description_kind":"plain","computed":true},"project_reference":{"type":["map","string"],"description_kind":"plain","computed":true},"role_id":{"type":"string","description_kind":"plain","optional":true},"role_name":{"type":"string","description_kind":"plain","optional":true},"state":{"type":"string","description_kind":"plain","computed":true}},"block_types":{"categories":{"nesting_mode":"set","block":{"attributes":{"name":{"type":"string","description_kind":"plain","optional":true,"computed":true},"value":{"type":"string","description_kind":"plain","optional":true,"computed":true}},"description_kind":"plain"}}},"description_kind":"plain"}},"nutanix_roles":{"version":0,"block":{"attributes":{"api_version":{"type":"string","description_kind":"plain","computed":true},"entities":{"type":["list",["object",{"api_version":"string","categories":["set",["object",{"name":"string","value":"string"}]],"description":"string","metadata":["map","string"],"name":"string","owner_reference":["map","string"],"permission_reference_list":["set",["object",{"kind":"string","name":"string","uuid":"string"}]],"project_reference":["map","string"],"role_id":"string","state":"string"}]],"description_kind":"plain","computed":true},"id":{"type":"string","description_kind":"plain","optional":true,"computed":true}},"block_types":{"metadata":{"nesting_mode":"set","block":{"attributes":{"filter":{"type":"string","description_kind":"plain","optional":true,"computed":true},"kind":{"type":"string","description_kind":"plain","optional":true,"computed":true},"length":{"type":"number","description_kind":"plain","optional":true,"computed":true},"offset":{"type":"number","description_kind":"plain","optional":true,"computed":true},"sort_attribute":{"type":"string","description_kind":"plain","optional":true,"computed":true},"sort_order":{"type":"string","description_kind":"plain","optional":true,"computed":true}},"description_kind":"plain"}}},"description_kind":"plain"}},"nutanix_service_group":{"version":0,"block":{"attributes":{"description":{"type":"string","description_kind":"plain","computed":true},"id":{"type":"string","description_kind":"plain","optional":true,"computed":true},"is_system_defined":{"type":"bool","description":"specifying whether it is a system defined service group","description_kind":"plain","computed":true},"name":{"type":"string","description_kind":"plain","computed":true},"service_list":{"type":["list",["object",{"icmp_type_code_list":["list",["object",{"code":"string","type":"string"}]],"protocol":"string","tcp_port_range_list":["list",["object",{"end_port":"number","start_port":"number"}]],"udp_port_range_list":["list",["object",{"end_port":"number","start_port":"number"}]]}]],"description_kind":"plain","computed":true},"uuid":{"type":"string","description_kind":"plain","required":true}},"description_kind":"plain"}},"nutanix_service_groups":{"version":0,"block":{"attributes":{"entities":{"type":["list",["object",{"associated_policies_list":["list",["object",{"kind":"string","name":"string","uuid":"string"}]],"service_group":["list",["object",{"description":"string","is_system_defined":"bool","name":"string","service_list":["list",["object",{"icmp_type_code_list":["list",["object",{"code":"string","type":"string"}]],"protocol":"string","tcp_port_range_list":["list",["object",{"end_port":"number","start_port":"number"}]],"udp_port_range_list":["list",["object",{"end_port":"number","start_port":"number"}]]}]]}]],"uuid":"string"}]],"description_kind":"plain","computed":true},"id":{"type":"string","description_kind":"plain","optional":true,"computed":true}},"block_types":{"metadata":{"nesting_mode":"set","block":{"attributes":{"filter":{"type":"string","description_kind":"plain","optional":true,"computed":true},"kind":{"type":"string","description_kind":"plain","optional":true,"computed":true},"length":{"type":"number","description_kind":"plain","optional":true,"computed":true},"offset":{"type":"number","description_kind":"plain","optional":true,"computed":true},"sort_attribute":{"type":"string","description_kind":"plain","optional":true,"computed":true},"sort_order":{"type":"string","description_kind":"plain","optional":true,"computed":true}},"description_kind":"plain"}}},"description_kind":"plain"}},"nutanix_subnet":{"version":1,"block":{"attributes":{"api_version":{"type":"string","description_kind":"plain","computed":true},"availability_zone_reference":{"type":["map","string"],"description_kind":"plain","computed":true},"cluster_name":{"type":"string","description_kind":"plain","computed":true},"cluster_uuid":{"type":"string","description_kind":"plain","computed":true},"default_gateway_ip":{"type":"string","description_kind":"plain","computed":true},"description":{"type":"string","description_kind":"plain","computed":true},"dhcp_domain_name_server_list":{"type":["list","string"],"description_kind":"plain","computed":true},"dhcp_domain_search_list":{"type":["list","string"],"description_kind":"plain","computed":true},"dhcp_options":{"type":["map","string"],"description_kind":"plain","computed":true},"dhcp_server_address":{"type":["map","string"],"description_kind":"plain","computed":true},"dhcp_server_address_port":{"type":"number","description_kind":"plain","computed":true},"id":{"type":"string","description_kind":"plain","optional":true,"computed":true},"ip_config_pool_list_ranges":{"type":["list","string"],"description_kind":"plain","computed":true},"message_list":{"type":["list",["object",{"details":["map","string"],"message":"string","reason":"string"}]],"description_kind":"plain","computed":true},"metadata":{"type":["map","string"],"description_kind":"plain","computed":true},"name":{"type":"string","description_kind":"plain","computed":true},"network_function_chain_reference":{"type":["map","string"],"description_kind":"plain","computed":true},"owner_reference":{"type":["map","string"],"description_kind":"plain","computed":true},"prefix_length":{"type":"number","description_kind":"plain","computed":true},"project_reference":{"type":["map","string"],"description_kind":"plain","computed":true},"state":{"type":"string","description_kind":"plain","computed":true},"subnet_id":{"type":"string","description_kind":"plain","optional":true},"subnet_ip":{"type":"string","description_kind":"plain","computed":true},"subnet_name":{"type":"string","description_kind":"plain","optional":true},"subnet_type":{"type":"string","description_kind":"plain","computed":true},"vlan_id":{"type":"number","description_kind":"plain","computed":true},"vswitch_name":{"type":"string","description_kind":"plain","computed":true}},"block_types":{"additional_filter":{"nesting_mode":"set","block":{"attributes":{"name":{"type":"string","description_kind":"plain","required":true},"values":{"type":["list","string"],"description_kind":"plain","required":true}},"description_kind":"plain"}},"categories":{"nesting_mode":"set","block":{"attributes":{"name":{"type":"string","description_kind":"plain","optional":true,"computed":true},"value":{"type":"string","description_kind":"plain","optional":true,"computed":true}},"description_kind":"plain"}}},"description_kind":"plain"}},"nutanix_subnets":{"version":0,"block":{"attributes":{"api_version":{"type":"string","description_kind":"plain","computed":true},"entities":{"type":["list",["object",{"api_version":"string","availability_zone_reference":["map","string"],"categories":["set",["object",{"name":"string","value":"string"}]],"cluster_name":"string","cluster_reference":["map","string"],"cluster_uuid":"string","default_gateway_ip":"string","description":"string","dhcp_domain_name_server_list":["list","string"],"dhcp_domain_search_list":["list","string"],"dhcp_options":["map","string"],"dhcp_server_address":["map","string"],"dhcp_server_address_port":"number","ip_config_pool_list_ranges":["list","string"],"message_list":["list",["object",{"details":["map","string"],"message":"string","reason":"string"}]],"metadata":["map","string"],"name":"string","network_function_chain_reference":["map","string"],"owner_reference":["map","string"],"prefix_length":"number","project_reference":["map","string"],"state":"string","subnet_id":"string","subnet_ip":"string","subnet_name":"string","subnet_type":"string","vlan_id":"number","vswitch_name":"string"}]],"description_kind":"plain","computed":true},"id":{"type":"string","description_kind":"plain","optional":true,"computed":true}},"block_types":{"metadata":{"nesting_mode":"set","block":{"attributes":{"filter":{"type":"string","description_kind":"plain","optional":true,"computed":true},"kind":{"type":"string","description_kind":"plain","optional":true,"computed":true},"length":{"type":"number","description_kind":"plain","optional":true,"computed":true},"offset":{"type":"number","description_kind":"plain","optional":true,"computed":true},"sort_attribute":{"type":"string","description_kind":"plain","optional":true,"computed":true},"sort_order":{"type":"string","description_kind":"plain","optional":true,"computed":true}},"description_kind":"plain"}}},"description_kind":"plain"}},"nutanix_user":{"version":0,"block":{"attributes":{"access_control_policy_reference_list":{"type":["list",["object",{"kind":"string","name":"string","uuid":"string"}]],"description_kind":"plain","computed":true},"api_version":{"type":"string","description_kind":"plain","computed":true},"directory_service_user":{"type":["list",["object",{"default_user_principal_name":"string","directory_service_reference":["list",["object",{"kind":"string","name":"string","uuid":"string"}]],"user_principal_name":"string"}]],"description_kind":"plain","computed":true},"display_name":{"type":"string","description_kind":"plain","computed":true},"id":{"type":"string","description_kind":"plain","optional":true,"computed":true},"identity_provider_user":{"type":["list",["object",{"identity_provider_reference":["list",["object",{"kind":"string","name":"string","uuid":"string"}]],"username":"string"}]],"description_kind":"plain","computed":true},"metadata":{"type":["map","string"],"description_kind":"plain","computed":true},"owner_reference":{"type":["map","string"],"description_kind":"plain","optional":true,"computed":true},"project_reference":{"type":["map","string"],"description_kind":"plain","optional":true},"project_reference_list":{"type":["list",["object",{"kind":"string","name":"string","uuid":"string"}]],"description_kind":"plain","computed":true},"state":{"type":"string","description_kind":"plain","computed":true},"user_id":{"type":"string","description_kind":"plain","optional":true},"user_name":{"type":"string","description_kind":"plain","optional":true},"user_type":{"type":"string","description_kind":"plain","computed":true}},"block_types":{"categories":{"nesting_mode":"set","block":{"attributes":{"name":{"type":"string","description_kind":"plain","optional":true,"computed":true},"value":{"type":"string","description_kind":"plain","optional":true,"computed":true}},"description_kind":"plain"}}},"description_kind":"plain"}},"nutanix_user_group":{"version":0,"block":{"attributes":{"access_control_policy_reference_list":{"type":["list",["object",{"kind":"string","name":"string","uuid":"string"}]],"description_kind":"plain","computed":true},"api_version":{"type":"string","description_kind":"plain","computed":true},"directory_service_user_group":{"type":["list",["object",{"default_user_principal_name":"string","directory_service_reference":["list",["object",{"kind":"string","name":"string","uuid":"string"}]],"distinguished_name":"string"}]],"description_kind":"plain","computed":true},"display_name":{"type":"string","description_kind":"plain","computed":true},"id":{"type":"string","description_kind":"plain","optional":true,"computed":true},"metadata":{"type":["map","string"],"description_kind":"plain","computed":true},"owner_reference":{"type":["map","string"],"description_kind":"plain","optional":true,"computed":true},"project_reference":{"type":["map","string"],"description_kind":"plain","optional":true},"project_reference_list":{"type":["list",["object",{"kind":"string","name":"string","uuid":"string"}]],"description_kind":"plain","computed":true},"state":{"type":"string","description_kind":"plain","computed":true},"user_group_distinguished_name":{"type":"string","description_kind":"plain","optional":true},"user_group_id":{"type":"string","description_kind":"plain","optional":true},"user_group_name":{"type":"string","description_kind":"plain","optional":true},"user_group_type":{"type":"string","description_kind":"plain","computed":true}},"block_types":{"categories":{"nesting_mode":"set","block":{"attributes":{"name":{"type":"string","description_kind":"plain","optional":true,"computed":true},"value":{"type":"string","description_kind":"plain","optional":true,"computed":true}},"description_kind":"plain"}}},"description_kind":"plain"}},"nutanix_user_groups":{"version":0,"block":{"attributes":{"api_version":{"type":"string","description_kind":"plain","computed":true},"entities":{"type":["list",["object",{"access_control_policy_reference_list":["list",["object",{"kind":"string","name":"string","uuid":"string"}]],"api_version":"string","categories":["set",["object",{"name":"string","value":"string"}]],"directory_service_user_group":["list",["object",{"default_user_principal_name":"string","directory_service_reference":["list",["object",{"kind":"string","name":"string","uuid":"string"}]],"distinguished_name":"string"}]],"display_name":"string","metadata":["map","string"],"owner_reference":["map","string"],"project_reference":["map","string"],"project_reference_list":["list",["object",{"kind":"string","name":"string","uuid":"string"}]],"state":"string","user_group_type":"string"}]],"description_kind":"plain","computed":true},"id":{"type":"string","description_kind":"plain","optional":true,"computed":true}},"block_types":{"metadata":{"nesting_mode":"set","block":{"attributes":{"filter":{"type":"string","description_kind":"plain","optional":true,"computed":true},"kind":{"type":"string","description_kind":"plain","optional":true,"computed":true},"length":{"type":"number","description_kind":"plain","optional":true,"computed":true},"offset":{"type":"number","description_kind":"plain","optional":true,"computed":true},"sort_attribute":{"type":"string","description_kind":"plain","optional":true,"computed":true},"sort_order":{"type":"string","description_kind":"plain","optional":true,"computed":true}},"description_kind":"plain"}}},"description_kind":"plain"}},"nutanix_users":{"version":0,"block":{"attributes":{"api_version":{"type":"string","description_kind":"plain","computed":true},"entities":{"type":["list",["object",{"access_control_policy_reference_list":["list",["object",{"kind":"string","name":"string","uuid":"string"}]],"api_version":"string","categories":["set",["object",{"name":"string","value":"string"}]],"directory_service_user":["list",["object",{"default_user_principal_name":"string","directory_service_reference":["list",["object",{"kind":"string","name":"string","uuid":"string"}]],"user_principal_name":"string"}]],"display_name":"string","identity_provider_user":["list",["object",{"identity_provider_reference":["list",["object",{"kind":"string","name":"string","uuid":"string"}]],"username":"string"}]],"metadata":["map","string"],"name":"string","owner_reference":["map","string"],"project_reference":["map","string"],"project_reference_list":["list",["object",{"kind":"string","name":"string","uuid":"string"}]],"state":"string","user_type":"string"}]],"description_kind":"plain","computed":true},"id":{"type":"string","description_kind":"plain","optional":true,"computed":true}},"block_types":{"metadata":{"nesting_mode":"set","block":{"attributes":{"filter":{"type":"string","description_kind":"plain","optional":true,"computed":true},"kind":{"type":"string","description_kind":"plain","optional":true,"computed":true},"length":{"type":"number","description_kind":"plain","optional":true,"computed":true},"offset":{"type":"number","description_kind":"plain","optional":true,"computed":true},"sort_attribute":{"type":"string","description_kind":"plain","optional":true,"computed":true},"sort_order":{"type":"string","description_kind":"plain","optional":true,"computed":true}},"description_kind":"plain"}}},"description_kind":"plain"}},"nutanix_virtual_machine":{"version":1,"block":{"attributes":{"api_version":{"type":"string","description_kind":"plain","computed":true},"availability_zone_reference":{"type":["map","string"],"description_kind":"plain","computed":true},"boot_device_disk_address":{"type":["map","string"],"description_kind":"plain","optional":true,"computed":true},"boot_device_mac_address":{"type":"string","description_kind":"plain","optional":true,"computed":true},"boot_device_order_list":{"type":["list","string"],"description_kind":"plain","computed":true},"boot_type":{"type":"string","description_kind":"plain","computed":true},"cluster_name":{"type":"string","description_kind":"plain","computed":true},"cluster_uuid":{"type":"string","description_kind":"plain","computed":true},"description":{"type":"string","description_kind":"plain","computed":true},"disk_list":{"type":["list",["object",{"data_source_reference":["map","string"],"device_properties":["list",["object",{"device_type":"string","disk_address":["map","string"]}]],"disk_size_bytes":"number","disk_size_mib":"number","storage_config":["list",["object",{"flash_mode":"string","storage_container_reference":["list",["object",{"kind":"string","name":"string","url":"string","uuid":"string"}]]}]],"uuid":"string","volume_group_reference":["map","string"]}]],"description_kind":"plain","computed":true},"enable_cpu_passthrough":{"type":"bool","description_kind":"plain","computed":true},"enable_script_exec":{"type":"bool","description_kind":"plain","computed":true},"gpu_list":{"type":["list",["object",{"device_id":"number","fraction":"number","frame_buffer_size_mib":"number","guest_driver_version":"string","mode":"string","name":"string","num_virtual_display_heads":"number","pci_address":"string","uuid":"string","vendor":"string"}]],"description_kind":"plain","computed":true},"guest_customization_cloud_init_custom_key_values":{"type":["map","string"],"description_kind":"plain","computed":true},"guest_customization_cloud_init_meta_data":{"type":"string","description_kind":"plain","computed":true},"guest_customization_cloud_init_user_data":{"type":"string","description_kind":"plain","computed":true},"guest_customization_is_overridable":{"type":"bool","description_kind":"plain","computed":true},"guest_customization_sysprep":{"type":["map","string"],"description_kind":"plain","computed":true},"guest_customization_sysprep_custom_key_values":{"type":["map","string"],"description_kind":"plain","computed":true},"guest_os_id":{"type":"string","description_kind":"plain","computed":true},"hardware_clock_timezone":{"type":"string","description_kind":"plain","computed":true},"host_reference":{"type":["map","string"],"description_kind":"plain","computed":true},"hypervisor_type":{"type":"string","description_kind":"plain","computed":true},"id":{"type":"string","description_kind":"plain","optional":true,"computed":true},"is_vcpu_hard_pinned":{"type":"bool","description_kind":"plain","computed":true},"machine_type":{"type":"string","description_kind":"plain","computed":true},"memory_size_mib":{"type":"number","description_kind":"plain","computed":true},"message_list":{"type":["list",["object",{"details":["map","string"],"message":"string","reason":"string"}]],"description_kind":"plain","computed":true},"metadata":{"type":["map","string"],"description_kind":"plain","computed":true},"name":{"type":"string","description_kind":"plain","computed":true},"ngt_credentials":{"type":["map","string"],"description_kind":"plain","computed":true},"ngt_enabled_capability_list":{"type":["list","string"],"description_kind":"plain","computed":true},"nic_list":{"type":["list",["object",{"floating_ip":"string","ip_endpoint_list":["list",["object",{"ip":"string","type":"string"}]],"is_connected":"string","mac_address":"string","model":"string","network_function_chain_reference":["map","string"],"network_function_nic_type":"string","nic_type":"string","num_queues":"number","subnet_name":"string","subnet_uuid":"string","uuid":"string"}]],"description_kind":"plain","computed":true},"num_sockets":{"type":"number","description_kind":"plain","computed":true},"num_vcpus_per_socket":{"type":"number","description_kind":"plain","computed":true},"num_vnuma_nodes":{"type":"number","description_kind":"plain","computed":true},"nutanix_guest_tools":{"type":["map","string"],"description_kind":"plain","computed":true},"owner_reference":{"type":["map","string"],"description_kind":"plain","computed":true},"parent_reference":{"type":["map","string"],"description_kind":"plain","computed":true},"power_state":{"type":"string","description_kind":"plain","computed":true},"power_state_mechanism":{"type":"string","description_kind":"plain","computed":true},"project_reference":{"type":["map","string"],"description_kind":"plain","computed":true},"serial_port_list":{"type":["list",["object",{"index":"number","is_connected":"bool"}]],"description_kind":"plain","computed":true},"should_fail_on_script_failure":{"type":"bool","description_kind":"plain","computed":true},"state":{"type":"string","description_kind":"plain","computed":true},"vga_console_enabled":{"type":"bool","description_kind":"plain","computed":true},"vm_id":{"type":"string","description_kind":"plain","required":true}},"block_types":{"categories":{"nesting_mode":"set","block":{"attributes":{"name":{"type":"string","description_kind":"plain","optional":true,"computed":true},"value":{"type":"string","description_kind":"plain","optional":true,"computed":true}},"description_kind":"plain"}}},"description_kind":"plain"}}}}}}
